// !$*UTF8*$!
{
	archiveVersion = 1;
	classes = {
	};
	objectVersion = 50;
	objects = {

/* Begin PBXBuildFile section */
		0B7F3611252B680300DAA164 /* AppDelegate.swift in Sources */ = {isa = PBXBuildFile; fileRef = 0B7F3610252B680300DAA164 /* AppDelegate.swift */; };
		0B7F3613252B680300DAA164 /* SceneDelegate.swift in Sources */ = {isa = PBXBuildFile; fileRef = 0B7F3612252B680300DAA164 /* SceneDelegate.swift */; };
		0B7F3615252B680300DAA164 /* ViewController.swift in Sources */ = {isa = PBXBuildFile; fileRef = 0B7F3614252B680300DAA164 /* ViewController.swift */; };
		0B7F3618252B680300DAA164 /* Main.storyboard in Resources */ = {isa = PBXBuildFile; fileRef = 0B7F3616252B680300DAA164 /* Main.storyboard */; };
		0B7F361A252B680500DAA164 /* Assets.xcassets in Resources */ = {isa = PBXBuildFile; fileRef = 0B7F3619252B680500DAA164 /* Assets.xcassets */; };
		0B7F361D252B680500DAA164 /* LaunchScreen.storyboard in Resources */ = {isa = PBXBuildFile; fileRef = 0B7F361B252B680500DAA164 /* LaunchScreen.storyboard */; };
		0B7F3628252B680500DAA164 /* _005_ExercicioCollcetionView3Tests.swift in Sources */ = {isa = PBXBuildFile; fileRef = 0B7F3627252B680500DAA164 /* _005_ExercicioCollcetionView3Tests.swift */; };
		0B7F3633252B680500DAA164 /* _005_ExercicioCollcetionView3UITests.swift in Sources */ = {isa = PBXBuildFile; fileRef = 0B7F3632252B680500DAA164 /* _005_ExercicioCollcetionView3UITests.swift */; };
		0B7F3644252B68A800DAA164 /* Car.swift in Sources */ = {isa = PBXBuildFile; fileRef = 0B7F3643252B68A800DAA164 /* Car.swift */; };
		0B7F3649252B695500DAA164 /* jorge.jpeg in Resources */ = {isa = PBXBuildFile; fileRef = 0B7F3648252B695500DAA164 /* jorge.jpeg */; };
		0B7F364E252B69BC00DAA164 /* CarCollectionViewCell.swift in Sources */ = {isa = PBXBuildFile; fileRef = 0B7F364D252B69BC00DAA164 /* CarCollectionViewCell.swift */; };
		0B7F3654252B6AE100DAA164 /* CarDetail.storyboard in Resources */ = {isa = PBXBuildFile; fileRef = 0B7F3653252B6AE100DAA164 /* CarDetail.storyboard */; };
		0B7F3659252B6AF700DAA164 /* CarDetailViewController.swift in Sources */ = {isa = PBXBuildFile; fileRef = 0B7F3658252B6AF700DAA164 /* CarDetailViewController.swift */; };
/* End PBXBuildFile section */

/* Begin PBXContainerItemProxy section */
		0B7F3624252B680500DAA164 /* PBXContainerItemProxy */ = {
			isa = PBXContainerItemProxy;
			containerPortal = 0B7F3605252B680300DAA164 /* Project object */;
			proxyType = 1;
			remoteGlobalIDString = 0B7F360C252B680300DAA164;
			remoteInfo = 1005_ExercicioCollcetionView3;
		};
		0B7F362F252B680500DAA164 /* PBXContainerItemProxy */ = {
			isa = PBXContainerItemProxy;
			containerPortal = 0B7F3605252B680300DAA164 /* Project object */;
			proxyType = 1;
			remoteGlobalIDString = 0B7F360C252B680300DAA164;
			remoteInfo = 1005_ExercicioCollcetionView3;
		};
/* End PBXContainerItemProxy section */

/* Begin PBXFileReference section */
		0B7F360D252B680300DAA164 /* 1005_ExercicioCollcetionView3.app */ = {isa = PBXFileReference; explicitFileType = wrapper.application; includeInIndex = 0; path = 1005_ExercicioCollcetionView3.app; sourceTree = BUILT_PRODUCTS_DIR; };
		0B7F3610252B680300DAA164 /* AppDelegate.swift */ = {isa = PBXFileReference; lastKnownFileType = sourcecode.swift; path = AppDelegate.swift; sourceTree = "<group>"; };
		0B7F3612252B680300DAA164 /* SceneDelegate.swift */ = {isa = PBXFileReference; lastKnownFileType = sourcecode.swift; path = SceneDelegate.swift; sourceTree = "<group>"; };
		0B7F3614252B680300DAA164 /* ViewController.swift */ = {isa = PBXFileReference; lastKnownFileType = sourcecode.swift; path = ViewController.swift; sourceTree = "<group>"; };
		0B7F3617252B680300DAA164 /* Base */ = {isa = PBXFileReference; lastKnownFileType = file.storyboard; name = Base; path = Base.lproj/Main.storyboard; sourceTree = "<group>"; };
		0B7F3619252B680500DAA164 /* Assets.xcassets */ = {isa = PBXFileReference; lastKnownFileType = folder.assetcatalog; path = Assets.xcassets; sourceTree = "<group>"; };
		0B7F361C252B680500DAA164 /* Base */ = {isa = PBXFileReference; lastKnownFileType = file.storyboard; name = Base; path = Base.lproj/LaunchScreen.storyboard; sourceTree = "<group>"; };
		0B7F361E252B680500DAA164 /* Info.plist */ = {isa = PBXFileReference; lastKnownFileType = text.plist.xml; path = Info.plist; sourceTree = "<group>"; };
		0B7F3623252B680500DAA164 /* 1005_ExercicioCollcetionView3Tests.xctest */ = {isa = PBXFileReference; explicitFileType = wrapper.cfbundle; includeInIndex = 0; path = 1005_ExercicioCollcetionView3Tests.xctest; sourceTree = BUILT_PRODUCTS_DIR; };
		0B7F3627252B680500DAA164 /* _005_ExercicioCollcetionView3Tests.swift */ = {isa = PBXFileReference; lastKnownFileType = sourcecode.swift; path = _005_ExercicioCollcetionView3Tests.swift; sourceTree = "<group>"; };
		0B7F3629252B680500DAA164 /* Info.plist */ = {isa = PBXFileReference; lastKnownFileType = text.plist.xml; path = Info.plist; sourceTree = "<group>"; };
		0B7F362E252B680500DAA164 /* 1005_ExercicioCollcetionView3UITests.xctest */ = {isa = PBXFileReference; explicitFileType = wrapper.cfbundle; includeInIndex = 0; path = 1005_ExercicioCollcetionView3UITests.xctest; sourceTree = BUILT_PRODUCTS_DIR; };
		0B7F3632252B680500DAA164 /* _005_ExercicioCollcetionView3UITests.swift */ = {isa = PBXFileReference; lastKnownFileType = sourcecode.swift; path = _005_ExercicioCollcetionView3UITests.swift; sourceTree = "<group>"; };
		0B7F3634252B680500DAA164 /* Info.plist */ = {isa = PBXFileReference; lastKnownFileType = text.plist.xml; path = Info.plist; sourceTree = "<group>"; };
		0B7F3643252B68A800DAA164 /* Car.swift */ = {isa = PBXFileReference; lastKnownFileType = sourcecode.swift; path = Car.swift; sourceTree = "<group>"; };
		0B7F3648252B695500DAA164 /* jorge.jpeg */ = {isa = PBXFileReference; lastKnownFileType = image.jpeg; name = jorge.jpeg; path = ../../0930_DesafioCollectionView/0930_DesafioCollectionView/jorge.jpeg; sourceTree = "<group>"; };
		0B7F364D252B69BC00DAA164 /* CarCollectionViewCell.swift */ = {isa = PBXFileReference; lastKnownFileType = sourcecode.swift; path = CarCollectionViewCell.swift; sourceTree = "<group>"; };
		0B7F3653252B6AE100DAA164 /* CarDetail.storyboard */ = {isa = PBXFileReference; lastKnownFileType = file.storyboard; path = CarDetail.storyboard; sourceTree = "<group>"; };
		0B7F3658252B6AF700DAA164 /* CarDetailViewController.swift */ = {isa = PBXFileReference; lastKnownFileType = sourcecode.swift; path = CarDetailViewController.swift; sourceTree = "<group>"; };
/* End PBXFileReference section */

/* Begin PBXFrameworksBuildPhase section */
		0B7F360A252B680300DAA164 /* Frameworks */ = {
			isa = PBXFrameworksBuildPhase;
			buildActionMask = 2147483647;
			files = (
			);
			runOnlyForDeploymentPostprocessing = 0;
		};
		0B7F3620252B680500DAA164 /* Frameworks */ = {
			isa = PBXFrameworksBuildPhase;
			buildActionMask = 2147483647;
			files = (
			);
			runOnlyForDeploymentPostprocessing = 0;
		};
		0B7F362B252B680500DAA164 /* Frameworks */ = {
			isa = PBXFrameworksBuildPhase;
			buildActionMask = 2147483647;
			files = (
			);
			runOnlyForDeploymentPostprocessing = 0;
		};
/* End PBXFrameworksBuildPhase section */

/* Begin PBXGroup section */
		0B7F3604252B680300DAA164 = {
			isa = PBXGroup;
			children = (
				0B7F360F252B680300DAA164 /* 1005_ExercicioCollcetionView3 */,
				0B7F3626252B680500DAA164 /* 1005_ExercicioCollcetionView3Tests */,
				0B7F3631252B680500DAA164 /* 1005_ExercicioCollcetionView3UITests */,
				0B7F360E252B680300DAA164 /* Products */,
			);
			sourceTree = "<group>";
		};
		0B7F360E252B680300DAA164 /* Products */ = {
			isa = PBXGroup;
			children = (
				0B7F360D252B680300DAA164 /* 1005_ExercicioCollcetionView3.app */,
				0B7F3623252B680500DAA164 /* 1005_ExercicioCollcetionView3Tests.xctest */,
				0B7F362E252B680500DAA164 /* 1005_ExercicioCollcetionView3UITests.xctest */,
			);
			name = Products;
			sourceTree = "<group>";
		};
		0B7F360F252B680300DAA164 /* 1005_ExercicioCollcetionView3 */ = {
			isa = PBXGroup;
			children = (
				0B7F3652252B6AD100DAA164 /* CarDetail */,
				0B7F3610252B680300DAA164 /* AppDelegate.swift */,
				0B7F3612252B680300DAA164 /* SceneDelegate.swift */,
				0B7F3614252B680300DAA164 /* ViewController.swift */,
				0B7F3616252B680300DAA164 /* Main.storyboard */,
				0B7F364D252B69BC00DAA164 /* CarCollectionViewCell.swift */,
				0B7F3619252B680500DAA164 /* Assets.xcassets */,
				0B7F361B252B680500DAA164 /* LaunchScreen.storyboard */,
				0B7F361E252B680500DAA164 /* Info.plist */,
				0B7F3648252B695500DAA164 /* jorge.jpeg */,
				0B7F3643252B68A800DAA164 /* Car.swift */,
			);
			path = 1005_ExercicioCollcetionView3;
			sourceTree = "<group>";
		};
		0B7F3626252B680500DAA164 /* 1005_ExercicioCollcetionView3Tests */ = {
			isa = PBXGroup;
			children = (
				0B7F3627252B680500DAA164 /* _005_ExercicioCollcetionView3Tests.swift */,
				0B7F3629252B680500DAA164 /* Info.plist */,
			);
			path = 1005_ExercicioCollcetionView3Tests;
			sourceTree = "<group>";
		};
		0B7F3631252B680500DAA164 /* 1005_ExercicioCollcetionView3UITests */ = {
			isa = PBXGroup;
			children = (
				0B7F3632252B680500DAA164 /* _005_ExercicioCollcetionView3UITests.swift */,
				0B7F3634252B680500DAA164 /* Info.plist */,
			);
			path = 1005_ExercicioCollcetionView3UITests;
			sourceTree = "<group>";
		};
		0B7F3652252B6AD100DAA164 /* CarDetail */ = {
			isa = PBXGroup;
			children = (
				0B7F3653252B6AE100DAA164 /* CarDetail.storyboard */,
				0B7F3658252B6AF700DAA164 /* CarDetailViewController.swift */,
			);
			path = CarDetail;
			sourceTree = "<group>";
		};
/* End PBXGroup section */

/* Begin PBXNativeTarget section */
		0B7F360C252B680300DAA164 /* 1005_ExercicioCollcetionView3 */ = {
			isa = PBXNativeTarget;
			buildConfigurationList = 0B7F3637252B680500DAA164 /* Build configuration list for PBXNativeTarget "1005_ExercicioCollcetionView3" */;
			buildPhases = (
				0B7F3609252B680300DAA164 /* Sources */,
				0B7F360A252B680300DAA164 /* Frameworks */,
				0B7F360B252B680300DAA164 /* Resources */,
			);
			buildRules = (
			);
			dependencies = (
			);
			name = 1005_ExercicioCollcetionView3;
			productName = 1005_ExercicioCollcetionView3;
			productReference = 0B7F360D252B680300DAA164 /* 1005_ExercicioCollcetionView3.app */;
			productType = "com.apple.product-type.application";
		};
		0B7F3622252B680500DAA164 /* 1005_ExercicioCollcetionView3Tests */ = {
			isa = PBXNativeTarget;
			buildConfigurationList = 0B7F363A252B680500DAA164 /* Build configuration list for PBXNativeTarget "1005_ExercicioCollcetionView3Tests" */;
			buildPhases = (
				0B7F361F252B680500DAA164 /* Sources */,
				0B7F3620252B680500DAA164 /* Frameworks */,
				0B7F3621252B680500DAA164 /* Resources */,
			);
			buildRules = (
			);
			dependencies = (
				0B7F3625252B680500DAA164 /* PBXTargetDependency */,
			);
			name = 1005_ExercicioCollcetionView3Tests;
			productName = 1005_ExercicioCollcetionView3Tests;
			productReference = 0B7F3623252B680500DAA164 /* 1005_ExercicioCollcetionView3Tests.xctest */;
			productType = "com.apple.product-type.bundle.unit-test";
		};
		0B7F362D252B680500DAA164 /* 1005_ExercicioCollcetionView3UITests */ = {
			isa = PBXNativeTarget;
			buildConfigurationList = 0B7F363D252B680500DAA164 /* Build configuration list for PBXNativeTarget "1005_ExercicioCollcetionView3UITests" */;
			buildPhases = (
				0B7F362A252B680500DAA164 /* Sources */,
				0B7F362B252B680500DAA164 /* Frameworks */,
				0B7F362C252B680500DAA164 /* Resources */,
			);
			buildRules = (
			);
			dependencies = (
				0B7F3630252B680500DAA164 /* PBXTargetDependency */,
			);
			name = 1005_ExercicioCollcetionView3UITests;
			productName = 1005_ExercicioCollcetionView3UITests;
			productReference = 0B7F362E252B680500DAA164 /* 1005_ExercicioCollcetionView3UITests.xctest */;
			productType = "com.apple.product-type.bundle.ui-testing";
		};
/* End PBXNativeTarget section */

/* Begin PBXProject section */
		0B7F3605252B680300DAA164 /* Project object */ = {
			isa = PBXProject;
			attributes = {
				LastSwiftUpdateCheck = 1200;
				LastUpgradeCheck = 1200;
				TargetAttributes = {
					0B7F360C252B680300DAA164 = {
						CreatedOnToolsVersion = 12.0.1;
					};
					0B7F3622252B680500DAA164 = {
						CreatedOnToolsVersion = 12.0.1;
						TestTargetID = 0B7F360C252B680300DAA164;
					};
					0B7F362D252B680500DAA164 = {
						CreatedOnToolsVersion = 12.0.1;
						TestTargetID = 0B7F360C252B680300DAA164;
					};
				};
			};
			buildConfigurationList = 0B7F3608252B680300DAA164 /* Build configuration list for PBXProject "1005_ExercicioCollcetionView3" */;
			compatibilityVersion = "Xcode 9.3";
			developmentRegion = en;
			hasScannedForEncodings = 0;
			knownRegions = (
				en,
				Base,
			);
			mainGroup = 0B7F3604252B680300DAA164;
			productRefGroup = 0B7F360E252B680300DAA164 /* Products */;
			projectDirPath = "";
			projectRoot = "";
			targets = (
				0B7F360C252B680300DAA164 /* 1005_ExercicioCollcetionView3 */,
				0B7F3622252B680500DAA164 /* 1005_ExercicioCollcetionView3Tests */,
				0B7F362D252B680500DAA164 /* 1005_ExercicioCollcetionView3UITests */,
			);
		};
/* End PBXProject section */

/* Begin PBXResourcesBuildPhase section */
		0B7F360B252B680300DAA164 /* Resources */ = {
			isa = PBXResourcesBuildPhase;
			buildActionMask = 2147483647;
			files = (
				0B7F361D252B680500DAA164 /* LaunchScreen.storyboard in Resources */,
				0B7F3654252B6AE100DAA164 /* CarDetail.storyboard in Resources */,
				0B7F3649252B695500DAA164 /* jorge.jpeg in Resources */,
				0B7F361A252B680500DAA164 /* Assets.xcassets in Resources */,
				0B7F3618252B680300DAA164 /* Main.storyboard in Resources */,
			);
			runOnlyForDeploymentPostprocessing = 0;
		};
		0B7F3621252B680500DAA164 /* Resources */ = {
			isa = PBXResourcesBuildPhase;
			buildActionMask = 2147483647;
			files = (
			);
			runOnlyForDeploymentPostprocessing = 0;
		};
		0B7F362C252B680500DAA164 /* Resources */ = {
			isa = PBXResourcesBuildPhase;
			buildActionMask = 2147483647;
			files = (
			);
			runOnlyForDeploymentPostprocessing = 0;
		};
/* End PBXResourcesBuildPhase section */

/* Begin PBXSourcesBuildPhase section */
		0B7F3609252B680300DAA164 /* Sources */ = {
			isa = PBXSourcesBuildPhase;
			buildActionMask = 2147483647;
			files = (
				0B7F3615252B680300DAA164 /* ViewController.swift in Sources */,
				0B7F364E252B69BC00DAA164 /* CarCollectionViewCell.swift in Sources */,
				0B7F3659252B6AF700DAA164 /* CarDetailViewController.swift in Sources */,
				0B7F3611252B680300DAA164 /* AppDelegate.swift in Sources */,
				0B7F3644252B68A800DAA164 /* Car.swift in Sources */,
				0B7F3613252B680300DAA164 /* SceneDelegate.swift in Sources */,
			);
			runOnlyForDeploymentPostprocessing = 0;
		};
		0B7F361F252B680500DAA164 /* Sources */ = {
			isa = PBXSourcesBuildPhase;
			buildActionMask = 2147483647;
			files = (
				0B7F3628252B680500DAA164 /* _005_ExercicioCollcetionView3Tests.swift in Sources */,
			);
			runOnlyForDeploymentPostprocessing = 0;
		};
		0B7F362A252B680500DAA164 /* Sources */ = {
			isa = PBXSourcesBuildPhase;
			buildActionMask = 2147483647;
			files = (
				0B7F3633252B680500DAA164 /* _005_ExercicioCollcetionView3UITests.swift in Sources */,
			);
			runOnlyForDeploymentPostprocessing = 0;
		};
/* End PBXSourcesBuildPhase section */

/* Begin PBXTargetDependency section */
		0B7F3625252B680500DAA164 /* PBXTargetDependency */ = {
			isa = PBXTargetDependency;
			target = 0B7F360C252B680300DAA164 /* 1005_ExercicioCollcetionView3 */;
			targetProxy = 0B7F3624252B680500DAA164 /* PBXContainerItemProxy */;
		};
		0B7F3630252B680500DAA164 /* PBXTargetDependency */ = {
			isa = PBXTargetDependency;
			target = 0B7F360C252B680300DAA164 /* 1005_ExercicioCollcetionView3 */;
			targetProxy = 0B7F362F252B680500DAA164 /* PBXContainerItemProxy */;
		};
/* End PBXTargetDependency section */

/* Begin PBXVariantGroup section */
		0B7F3616252B680300DAA164 /* Main.storyboard */ = {
			isa = PBXVariantGroup;
			children = (
				0B7F3617252B680300DAA164 /* Base */,
			);
			name = Main.storyboard;
			sourceTree = "<group>";
		};
		0B7F361B252B680500DAA164 /* LaunchScreen.storyboard */ = {
			isa = PBXVariantGroup;
			children = (
				0B7F361C252B680500DAA164 /* Base */,
			);
			name = LaunchScreen.storyboard;
			sourceTree = "<group>";
		};
/* End PBXVariantGroup section */

/* Begin XCBuildConfiguration section */
		0B7F3635252B680500DAA164 /* Debug */ = {
			isa = XCBuildConfiguration;
			buildSettings = {
				ALWAYS_SEARCH_USER_PATHS = NO;
				CLANG_ANALYZER_NONNULL = YES;
				CLANG_ANALYZER_NUMBER_OBJECT_CONVERSION = YES_AGGRESSIVE;
				CLANG_CXX_LANGUAGE_STANDARD = "gnu++14";
				CLANG_CXX_LIBRARY = "libc++";
				CLANG_ENABLE_MODULES = YES;
				CLANG_ENABLE_OBJC_ARC = YES;
				CLANG_ENABLE_OBJC_WEAK = YES;
				CLANG_WARN_BLOCK_CAPTURE_AUTORELEASING = YES;
				CLANG_WARN_BOOL_CONVERSION = YES;
				CLANG_WARN_COMMA = YES;
				CLANG_WARN_CONSTANT_CONVERSION = YES;
				CLANG_WARN_DEPRECATED_OBJC_IMPLEMENTATIONS = YES;
				CLANG_WARN_DIRECT_OBJC_ISA_USAGE = YES_ERROR;
				CLANG_WARN_DOCUMENTATION_COMMENTS = YES;
				CLANG_WARN_EMPTY_BODY = YES;
				CLANG_WARN_ENUM_CONVERSION = YES;
				CLANG_WARN_INFINITE_RECURSION = YES;
				CLANG_WARN_INT_CONVERSION = YES;
				CLANG_WARN_NON_LITERAL_NULL_CONVERSION = YES;
				CLANG_WARN_OBJC_IMPLICIT_RETAIN_SELF = YES;
				CLANG_WARN_OBJC_LITERAL_CONVERSION = YES;
				CLANG_WARN_OBJC_ROOT_CLASS = YES_ERROR;
				CLANG_WARN_QUOTED_INCLUDE_IN_FRAMEWORK_HEADER = YES;
				CLANG_WARN_RANGE_LOOP_ANALYSIS = YES;
				CLANG_WARN_STRICT_PROTOTYPES = YES;
				CLANG_WARN_SUSPICIOUS_MOVE = YES;
				CLANG_WARN_UNGUARDED_AVAILABILITY = YES_AGGRESSIVE;
				CLANG_WARN_UNREACHABLE_CODE = YES;
				CLANG_WARN__DUPLICATE_METHOD_MATCH = YES;
				COPY_PHASE_STRIP = NO;
				DEBUG_INFORMATION_FORMAT = dwarf;
				ENABLE_STRICT_OBJC_MSGSEND = YES;
				ENABLE_TESTABILITY = YES;
				GCC_C_LANGUAGE_STANDARD = gnu11;
				GCC_DYNAMIC_NO_PIC = NO;
				GCC_NO_COMMON_BLOCKS = YES;
				GCC_OPTIMIZATION_LEVEL = 0;
				GCC_PREPROCESSOR_DEFINITIONS = (
					"DEBUG=1",
					"$(inherited)",
				);
				GCC_WARN_64_TO_32_BIT_CONVERSION = YES;
				GCC_WARN_ABOUT_RETURN_TYPE = YES_ERROR;
				GCC_WARN_UNDECLARED_SELECTOR = YES;
				GCC_WARN_UNINITIALIZED_AUTOS = YES_AGGRESSIVE;
				GCC_WARN_UNUSED_FUNCTION = YES;
				GCC_WARN_UNUSED_VARIABLE = YES;
				IPHONEOS_DEPLOYMENT_TARGET = 14.0;
				MTL_ENABLE_DEBUG_INFO = INCLUDE_SOURCE;
				MTL_FAST_MATH = YES;
				ONLY_ACTIVE_ARCH = YES;
				SDKROOT = iphoneos;
				SWIFT_ACTIVE_COMPILATION_CONDITIONS = DEBUG;
				SWIFT_OPTIMIZATION_LEVEL = "-Onone";
			};
			name = Debug;
		};
		0B7F3636252B680500DAA164 /* Release */ = {
			isa = XCBuildConfiguration;
			buildSettings = {
				ALWAYS_SEARCH_USER_PATHS = NO;
				CLANG_ANALYZER_NONNULL = YES;
				CLANG_ANALYZER_NUMBER_OBJECT_CONVERSION = YES_AGGRESSIVE;
				CLANG_CXX_LANGUAGE_STANDARD = "gnu++14";
				CLANG_CXX_LIBRARY = "libc++";
				CLANG_ENABLE_MODULES = YES;
				CLANG_ENABLE_OBJC_ARC = YES;
				CLANG_ENABLE_OBJC_WEAK = YES;
				CLANG_WARN_BLOCK_CAPTURE_AUTORELEASING = YES;
				CLANG_WARN_BOOL_CONVERSION = YES;
				CLANG_WARN_COMMA = YES;
				CLANG_WARN_CONSTANT_CONVERSION = YES;
				CLANG_WARN_DEPRECATED_OBJC_IMPLEMENTATIONS = YES;
				CLANG_WARN_DIRECT_OBJC_ISA_USAGE = YES_ERROR;
				CLANG_WARN_DOCUMENTATION_COMMENTS = YES;
				CLANG_WARN_EMPTY_BODY = YES;
				CLANG_WARN_ENUM_CONVERSION = YES;
				CLANG_WARN_INFINITE_RECURSION = YES;
				CLANG_WARN_INT_CONVERSION = YES;
				CLANG_WARN_NON_LITERAL_NULL_CONVERSION = YES;
				CLANG_WARN_OBJC_IMPLICIT_RETAIN_SELF = YES;
				CLANG_WARN_OBJC_LITERAL_CONVERSION = YES;
				CLANG_WARN_OBJC_ROOT_CLASS = YES_ERROR;
				CLANG_WARN_QUOTED_INCLUDE_IN_FRAMEWORK_HEADER = YES;
				CLANG_WARN_RANGE_LOOP_ANALYSIS = YES;
				CLANG_WARN_STRICT_PROTOTYPES = YES;
				CLANG_WARN_SUSPICIOUS_MOVE = YES;
				CLANG_WARN_UNGUARDED_AVAILABILITY = YES_AGGRESSIVE;
				CLANG_WARN_UNREACHABLE_CODE = YES;
				CLANG_WARN__DUPLICATE_METHOD_MATCH = YES;
				COPY_PHASE_STRIP = NO;
				DEBUG_INFORMATION_FORMAT = "dwarf-with-dsym";
				ENABLE_NS_ASSERTIONS = NO;
				ENABLE_STRICT_OBJC_MSGSEND = YES;
				GCC_C_LANGUAGE_STANDARD = gnu11;
				GCC_NO_COMMON_BLOCKS = YES;
				GCC_WARN_64_TO_32_BIT_CONVERSION = YES;
				GCC_WARN_ABOUT_RETURN_TYPE = YES_ERROR;
				GCC_WARN_UNDECLARED_SELECTOR = YES;
				GCC_WARN_UNINITIALIZED_AUTOS = YES_AGGRESSIVE;
				GCC_WARN_UNUSED_FUNCTION = YES;
				GCC_WARN_UNUSED_VARIABLE = YES;
				IPHONEOS_DEPLOYMENT_TARGET = 14.0;
				MTL_ENABLE_DEBUG_INFO = NO;
				MTL_FAST_MATH = YES;
				SDKROOT = iphoneos;
				SWIFT_COMPILATION_MODE = wholemodule;
				SWIFT_OPTIMIZATION_LEVEL = "-O";
				VALIDATE_PRODUCT = YES;
			};
			name = Release;
		};
		0B7F3638252B680500DAA164 /* Debug */ = {
			isa = XCBuildConfiguration;
			buildSettings = {
				ASSETCATALOG_COMPILER_APPICON_NAME = AppIcon;
				ASSETCATALOG_COMPILER_GLOBAL_ACCENT_COLOR_NAME = AccentColor;
				CODE_SIGN_STYLE = Automatic;
				INFOPLIST_FILE = 1005_ExercicioCollcetionView3/Info.plist;
				LD_RUNPATH_SEARCH_PATHS = (
					"$(inherited)",
					"@executable_path/Frameworks",
				);
				PRODUCT_BUNDLE_IDENTIFIER = "com.github.joorgeroberto.-005-ExercicioCollcetionView3";
				PRODUCT_NAME = "$(TARGET_NAME)";
				SWIFT_VERSION = 5.0;
				TARGETED_DEVICE_FAMILY = "1,2";
			};
			name = Debug;
		};
		0B7F3639252B680500DAA164 /* Release */ = {
			isa = XCBuildConfiguration;
			buildSettings = {
				ASSETCATALOG_COMPILER_APPICON_NAME = AppIcon;
				ASSETCATALOG_COMPILER_GLOBAL_ACCENT_COLOR_NAME = AccentColor;
				CODE_SIGN_STYLE = Automatic;
				INFOPLIST_FILE = 1005_ExercicioCollcetionView3/Info.plist;
				LD_RUNPATH_SEARCH_PATHS = (
					"$(inherited)",
					"@executable_path/Frameworks",
				);
				PRODUCT_BUNDLE_IDENTIFIER = "com.github.joorgeroberto.-005-ExercicioCollcetionView3";
				PRODUCT_NAME = "$(TARGET_NAME)";
				SWIFT_VERSION = 5.0;
				TARGETED_DEVICE_FAMILY = "1,2";
			};
			name = Release;
		};
		0B7F363B252B680500DAA164 /* Debug */ = {
			isa = XCBuildConfiguration;
			buildSettings = {
				ALWAYS_EMBED_SWIFT_STANDARD_LIBRARIES = YES;
				BUNDLE_LOADER = "$(TEST_HOST)";
				CODE_SIGN_STYLE = Automatic;
				INFOPLIST_FILE = 1005_ExercicioCollcetionView3Tests/Info.plist;
				IPHONEOS_DEPLOYMENT_TARGET = 14.0;
				LD_RUNPATH_SEARCH_PATHS = (
					"$(inherited)",
					"@executable_path/Frameworks",
					"@loader_path/Frameworks",
				);
				PRODUCT_BUNDLE_IDENTIFIER = "com.github.joorgeroberto.-005-ExercicioCollcetionView3Tests";
				PRODUCT_NAME = "$(TARGET_NAME)";
				SWIFT_VERSION = 5.0;
				TARGETED_DEVICE_FAMILY = "1,2";
				TEST_HOST = "$(BUILT_PRODUCTS_DIR)/1005_ExercicioCollcetionView3.app/1005_ExercicioCollcetionView3";
			};
			name = Debug;
		};
		0B7F363C252B680500DAA164 /* Release */ = {
			isa = XCBuildConfiguration;
			buildSettings = {
				ALWAYS_EMBED_SWIFT_STANDARD_LIBRARIES = YES;
				BUNDLE_LOADER = "$(TEST_HOST)";
				CODE_SIGN_STYLE = Automatic;
				INFOPLIST_FILE = 1005_ExercicioCollcetionView3Tests/Info.plist;
				IPHONEOS_DEPLOYMENT_TARGET = 14.0;
				LD_RUNPATH_SEARCH_PATHS = (
					"$(inherited)",
					"@executable_path/Frameworks",
					"@loader_path/Frameworks",
				);
				PRODUCT_BUNDLE_IDENTIFIER = "com.github.joorgeroberto.-005-ExercicioCollcetionView3Tests";
				PRODUCT_NAME = "$(TARGET_NAME)";
				SWIFT_VERSION = 5.0;
				TARGETED_DEVICE_FAMILY = "1,2";
				TEST_HOST = "$(BUILT_PRODUCTS_DIR)/1005_ExercicioCollcetionView3.app/1005_ExercicioCollcetionView3";
			};
			name = Release;
		};
		0B7F363E252B680500DAA164 /* Debug */ = {
			isa = XCBuildConfiguration;
			buildSettings = {
				ALWAYS_EMBED_SWIFT_STANDARD_LIBRARIES = YES;
				CODE_SIGN_STYLE = Automatic;
				INFOPLIST_FILE = 1005_ExercicioCollcetionView3UITests/Info.plist;
				LD_RUNPATH_SEARCH_PATHS = (
					"$(inherited)",
					"@executable_path/Frameworks",
					"@loader_path/Frameworks",
				);
				PRODUCT_BUNDLE_IDENTIFIER = "com.github.joorgeroberto.-005-ExercicioCollcetionView3UITests";
				PRODUCT_NAME = "$(TARGET_NAME)";
				SWIFT_VERSION = 5.0;
				TARGETED_DEVICE_FAMILY = "1,2";
				TEST_TARGET_NAME = 1005_ExercicioCollcetionView3;
			};
			name = Debug;
		};
		0B7F363F252B680500DAA164 /* Release */ = {
			isa = XCBuildConfiguration;
			buildSettings = {
				ALWAYS_EMBED_SWIFT_STANDARD_LIBRARIES = YES;
				CODE_SIGN_STYLE = Automatic;
				INFOPLIST_FILE = 1005_ExercicioCollcetionView3UITests/Info.plist;
				LD_RUNPATH_SEARCH_PATHS = (
					"$(inherited)",
					"@executable_path/Frameworks",
					"@loader_path/Frameworks",
				);
				PRODUCT_BUNDLE_IDENTIFIER = "com.github.joorgeroberto.-005-ExercicioCollcetionView3UITests";
				PRODUCT_NAME = "$(TARGET_NAME)";
				SWIFT_VERSION = 5.0;
				TARGETED_DEVICE_FAMILY = "1,2";
				TEST_TARGET_NAME = 1005_ExercicioCollcetionView3;
			};
			name = Release;
		};
/* End XCBuildConfiguration section */

/* Begin XCConfigurationList section */
		0B7F3608252B680300DAA164 /* Build configuration list for PBXProject "1005_ExercicioCollcetionView3" */ = {
			isa = XCConfigurationList;
			buildConfigurations = (
				0B7F3635252B680500DAA164 /* Debug */,
				0B7F3636252B680500DAA164 /* Release */,
			);
			defaultConfigurationIsVisible = 0;
			defaultConfigurationName = Release;
		};
		0B7F3637252B680500DAA164 /* Build configuration list for PBXNativeTarget "1005_ExercicioCollcetionView3" */ = {
			isa = XCConfigurationList;
			buildConfigurations = (
				0B7F3638252B680500DAA164 /* Debug */,
				0B7F3639252B680500DAA164 /* Release */,
			);
			defaultConfigurationIsVisible = 0;
			defaultConfigurationName = Release;
		};
		0B7F363A252B680500DAA164 /* Build configuration list for PBXNativeTarget "1005_ExercicioCollcetionView3Tests" */ = {
			isa = XCConfigurationList;
			buildConfigurations = (
				0B7F363B252B680500DAA164 /* Debug */,
				0B7F363C252B680500DAA164 /* Release */,
			);
			defaultConfigurationIsVisible = 0;
			defaultConfigurationName = Release;
		};
		0B7F363D252B680500DAA164 /* Build configuration list for PBXNativeTarget "1005_ExercicioCollcetionView3UITests" */ = {
			isa = XCConfigurationList;
			buildConfigurations = (
				0B7F363E252B680500DAA164 /* Debug */,
				0B7F363F252B680500DAA164 /* Release */,
			);
			defaultConfigurationIsVisible = 0;
			defaultConfigurationName = Release;
		};
/* End XCConfigurationList section */
	};
	rootObject = 0B7F3605252B680300DAA164 /* Project object */;
}
