// !$*UTF8*$!
{
	archiveVersion = 1;
	classes = {
	};
	objectVersion = 50;
	objects = {

/* Begin PBXBuildFile section */
		0B7220CE2539239200C2AAF7 /* AppDelegate.swift in Sources */ = {isa = PBXBuildFile; fileRef = 0B7220CD2539239200C2AAF7 /* AppDelegate.swift */; };
		0B7220D02539239200C2AAF7 /* SceneDelegate.swift in Sources */ = {isa = PBXBuildFile; fileRef = 0B7220CF2539239200C2AAF7 /* SceneDelegate.swift */; };
		0B7220D22539239200C2AAF7 /* ViewController.swift in Sources */ = {isa = PBXBuildFile; fileRef = 0B7220D12539239200C2AAF7 /* ViewController.swift */; };
		0B7220D52539239200C2AAF7 /* Main.storyboard in Resources */ = {isa = PBXBuildFile; fileRef = 0B7220D32539239200C2AAF7 /* Main.storyboard */; };
		0B7220D72539239300C2AAF7 /* Assets.xcassets in Resources */ = {isa = PBXBuildFile; fileRef = 0B7220D62539239300C2AAF7 /* Assets.xcassets */; };
		0B7220DA2539239300C2AAF7 /* LaunchScreen.storyboard in Resources */ = {isa = PBXBuildFile; fileRef = 0B7220D82539239300C2AAF7 /* LaunchScreen.storyboard */; };
		0B7220E52539239400C2AAF7 /* _014_DesafioPickerViewTests.swift in Sources */ = {isa = PBXBuildFile; fileRef = 0B7220E42539239400C2AAF7 /* _014_DesafioPickerViewTests.swift */; };
		0B7220F02539239400C2AAF7 /* _014_DesafioPickerViewUITests.swift in Sources */ = {isa = PBXBuildFile; fileRef = 0B7220EF2539239400C2AAF7 /* _014_DesafioPickerViewUITests.swift */; };
		0B7221012539264500C2AAF7 /* City.swift in Sources */ = {isa = PBXBuildFile; fileRef = 0B7221002539264500C2AAF7 /* City.swift */; };
		0B722106253934FA00C2AAF7 /* CityTableViewCell.swift in Sources */ = {isa = PBXBuildFile; fileRef = 0B722105253934FA00C2AAF7 /* CityTableViewCell.swift */; };
/* End PBXBuildFile section */

/* Begin PBXContainerItemProxy section */
		0B7220E12539239400C2AAF7 /* PBXContainerItemProxy */ = {
			isa = PBXContainerItemProxy;
			containerPortal = 0B7220C22539239200C2AAF7 /* Project object */;
			proxyType = 1;
			remoteGlobalIDString = 0B7220C92539239200C2AAF7;
			remoteInfo = 1014_DesafioPickerView;
		};
		0B7220EC2539239400C2AAF7 /* PBXContainerItemProxy */ = {
			isa = PBXContainerItemProxy;
			containerPortal = 0B7220C22539239200C2AAF7 /* Project object */;
			proxyType = 1;
			remoteGlobalIDString = 0B7220C92539239200C2AAF7;
			remoteInfo = 1014_DesafioPickerView;
		};
/* End PBXContainerItemProxy section */

/* Begin PBXFileReference section */
		0B7220CA2539239200C2AAF7 /* 1014_DesafioPickerView.app */ = {isa = PBXFileReference; explicitFileType = wrapper.application; includeInIndex = 0; path = 1014_DesafioPickerView.app; sourceTree = BUILT_PRODUCTS_DIR; };
		0B7220CD2539239200C2AAF7 /* AppDelegate.swift */ = {isa = PBXFileReference; lastKnownFileType = sourcecode.swift; path = AppDelegate.swift; sourceTree = "<group>"; };
		0B7220CF2539239200C2AAF7 /* SceneDelegate.swift */ = {isa = PBXFileReference; lastKnownFileType = sourcecode.swift; path = SceneDelegate.swift; sourceTree = "<group>"; };
		0B7220D12539239200C2AAF7 /* ViewController.swift */ = {isa = PBXFileReference; lastKnownFileType = sourcecode.swift; path = ViewController.swift; sourceTree = "<group>"; };
		0B7220D42539239200C2AAF7 /* Base */ = {isa = PBXFileReference; lastKnownFileType = file.storyboard; name = Base; path = Base.lproj/Main.storyboard; sourceTree = "<group>"; };
		0B7220D62539239300C2AAF7 /* Assets.xcassets */ = {isa = PBXFileReference; lastKnownFileType = folder.assetcatalog; path = Assets.xcassets; sourceTree = "<group>"; };
		0B7220D92539239300C2AAF7 /* Base */ = {isa = PBXFileReference; lastKnownFileType = file.storyboard; name = Base; path = Base.lproj/LaunchScreen.storyboard; sourceTree = "<group>"; };
		0B7220DB2539239300C2AAF7 /* Info.plist */ = {isa = PBXFileReference; lastKnownFileType = text.plist.xml; path = Info.plist; sourceTree = "<group>"; };
		0B7220E02539239400C2AAF7 /* 1014_DesafioPickerViewTests.xctest */ = {isa = PBXFileReference; explicitFileType = wrapper.cfbundle; includeInIndex = 0; path = 1014_DesafioPickerViewTests.xctest; sourceTree = BUILT_PRODUCTS_DIR; };
		0B7220E42539239400C2AAF7 /* _014_DesafioPickerViewTests.swift */ = {isa = PBXFileReference; lastKnownFileType = sourcecode.swift; path = _014_DesafioPickerViewTests.swift; sourceTree = "<group>"; };
		0B7220E62539239400C2AAF7 /* Info.plist */ = {isa = PBXFileReference; lastKnownFileType = text.plist.xml; path = Info.plist; sourceTree = "<group>"; };
		0B7220EB2539239400C2AAF7 /* 1014_DesafioPickerViewUITests.xctest */ = {isa = PBXFileReference; explicitFileType = wrapper.cfbundle; includeInIndex = 0; path = 1014_DesafioPickerViewUITests.xctest; sourceTree = BUILT_PRODUCTS_DIR; };
		0B7220EF2539239400C2AAF7 /* _014_DesafioPickerViewUITests.swift */ = {isa = PBXFileReference; lastKnownFileType = sourcecode.swift; path = _014_DesafioPickerViewUITests.swift; sourceTree = "<group>"; };
		0B7220F12539239400C2AAF7 /* Info.plist */ = {isa = PBXFileReference; lastKnownFileType = text.plist.xml; path = Info.plist; sourceTree = "<group>"; };
		0B7221002539264500C2AAF7 /* City.swift */ = {isa = PBXFileReference; lastKnownFileType = sourcecode.swift; path = City.swift; sourceTree = "<group>"; };
		0B722105253934FA00C2AAF7 /* CityTableViewCell.swift */ = {isa = PBXFileReference; lastKnownFileType = sourcecode.swift; path = CityTableViewCell.swift; sourceTree = "<group>"; };
/* End PBXFileReference section */

/* Begin PBXFrameworksBuildPhase section */
		0B7220C72539239200C2AAF7 /* Frameworks */ = {
			isa = PBXFrameworksBuildPhase;
			buildActionMask = 2147483647;
			files = (
			);
			runOnlyForDeploymentPostprocessing = 0;
		};
		0B7220DD2539239400C2AAF7 /* Frameworks */ = {
			isa = PBXFrameworksBuildPhase;
			buildActionMask = 2147483647;
			files = (
			);
			runOnlyForDeploymentPostprocessing = 0;
		};
		0B7220E82539239400C2AAF7 /* Frameworks */ = {
			isa = PBXFrameworksBuildPhase;
			buildActionMask = 2147483647;
			files = (
			);
			runOnlyForDeploymentPostprocessing = 0;
		};
/* End PBXFrameworksBuildPhase section */

/* Begin PBXGroup section */
		0B7220C12539239200C2AAF7 = {
			isa = PBXGroup;
			children = (
				0B7220CC2539239200C2AAF7 /* 1014_DesafioPickerView */,
				0B7220E32539239400C2AAF7 /* 1014_DesafioPickerViewTests */,
				0B7220EE2539239400C2AAF7 /* 1014_DesafioPickerViewUITests */,
				0B7220CB2539239200C2AAF7 /* Products */,
			);
			sourceTree = "<group>";
		};
		0B7220CB2539239200C2AAF7 /* Products */ = {
			isa = PBXGroup;
			children = (
				0B7220CA2539239200C2AAF7 /* 1014_DesafioPickerView.app */,
				0B7220E02539239400C2AAF7 /* 1014_DesafioPickerViewTests.xctest */,
				0B7220EB2539239400C2AAF7 /* 1014_DesafioPickerViewUITests.xctest */,
			);
			name = Products;
			sourceTree = "<group>";
		};
		0B7220CC2539239200C2AAF7 /* 1014_DesafioPickerView */ = {
			isa = PBXGroup;
			children = (
				0B7220CD2539239200C2AAF7 /* AppDelegate.swift */,
				0B7220D62539239300C2AAF7 /* Assets.xcassets */,
				0B7220DB2539239300C2AAF7 /* Info.plist */,
				0B7220D82539239300C2AAF7 /* LaunchScreen.storyboard */,
				0B7220D32539239200C2AAF7 /* Main.storyboard */,
				0B7220CF2539239200C2AAF7 /* SceneDelegate.swift */,
				0B7220D12539239200C2AAF7 /* ViewController.swift */,
				0B7221002539264500C2AAF7 /* City.swift */,
				0B722105253934FA00C2AAF7 /* CityTableViewCell.swift */,
			);
			path = 1014_DesafioPickerView;
			sourceTree = "<group>";
		};
		0B7220E32539239400C2AAF7 /* 1014_DesafioPickerViewTests */ = {
			isa = PBXGroup;
			children = (
				0B7220E42539239400C2AAF7 /* _014_DesafioPickerViewTests.swift */,
				0B7220E62539239400C2AAF7 /* Info.plist */,
			);
			path = 1014_DesafioPickerViewTests;
			sourceTree = "<group>";
		};
		0B7220EE2539239400C2AAF7 /* 1014_DesafioPickerViewUITests */ = {
			isa = PBXGroup;
			children = (
				0B7220EF2539239400C2AAF7 /* _014_DesafioPickerViewUITests.swift */,
				0B7220F12539239400C2AAF7 /* Info.plist */,
			);
			path = 1014_DesafioPickerViewUITests;
			sourceTree = "<group>";
		};
/* End PBXGroup section */

/* Begin PBXNativeTarget section */
		0B7220C92539239200C2AAF7 /* 1014_DesafioPickerView */ = {
			isa = PBXNativeTarget;
			buildConfigurationList = 0B7220F42539239400C2AAF7 /* Build configuration list for PBXNativeTarget "1014_DesafioPickerView" */;
			buildPhases = (
				0B7220C62539239200C2AAF7 /* Sources */,
				0B7220C72539239200C2AAF7 /* Frameworks */,
				0B7220C82539239200C2AAF7 /* Resources */,
			);
			buildRules = (
			);
			dependencies = (
			);
			name = 1014_DesafioPickerView;
			productName = 1014_DesafioPickerView;
			productReference = 0B7220CA2539239200C2AAF7 /* 1014_DesafioPickerView.app */;
			productType = "com.apple.product-type.application";
		};
		0B7220DF2539239400C2AAF7 /* 1014_DesafioPickerViewTests */ = {
			isa = PBXNativeTarget;
			buildConfigurationList = 0B7220F72539239400C2AAF7 /* Build configuration list for PBXNativeTarget "1014_DesafioPickerViewTests" */;
			buildPhases = (
				0B7220DC2539239400C2AAF7 /* Sources */,
				0B7220DD2539239400C2AAF7 /* Frameworks */,
				0B7220DE2539239400C2AAF7 /* Resources */,
			);
			buildRules = (
			);
			dependencies = (
				0B7220E22539239400C2AAF7 /* PBXTargetDependency */,
			);
			name = 1014_DesafioPickerViewTests;
			productName = 1014_DesafioPickerViewTests;
			productReference = 0B7220E02539239400C2AAF7 /* 1014_DesafioPickerViewTests.xctest */;
			productType = "com.apple.product-type.bundle.unit-test";
		};
		0B7220EA2539239400C2AAF7 /* 1014_DesafioPickerViewUITests */ = {
			isa = PBXNativeTarget;
			buildConfigurationList = 0B7220FA2539239400C2AAF7 /* Build configuration list for PBXNativeTarget "1014_DesafioPickerViewUITests" */;
			buildPhases = (
				0B7220E72539239400C2AAF7 /* Sources */,
				0B7220E82539239400C2AAF7 /* Frameworks */,
				0B7220E92539239400C2AAF7 /* Resources */,
			);
			buildRules = (
			);
			dependencies = (
				0B7220ED2539239400C2AAF7 /* PBXTargetDependency */,
			);
			name = 1014_DesafioPickerViewUITests;
			productName = 1014_DesafioPickerViewUITests;
			productReference = 0B7220EB2539239400C2AAF7 /* 1014_DesafioPickerViewUITests.xctest */;
			productType = "com.apple.product-type.bundle.ui-testing";
		};
/* End PBXNativeTarget section */

/* Begin PBXProject section */
		0B7220C22539239200C2AAF7 /* Project object */ = {
			isa = PBXProject;
			attributes = {
				LastSwiftUpdateCheck = 1200;
				LastUpgradeCheck = 1200;
				TargetAttributes = {
					0B7220C92539239200C2AAF7 = {
						CreatedOnToolsVersion = 12.0.1;
					};
					0B7220DF2539239400C2AAF7 = {
						CreatedOnToolsVersion = 12.0.1;
						TestTargetID = 0B7220C92539239200C2AAF7;
					};
					0B7220EA2539239400C2AAF7 = {
						CreatedOnToolsVersion = 12.0.1;
						TestTargetID = 0B7220C92539239200C2AAF7;
					};
				};
			};
			buildConfigurationList = 0B7220C52539239200C2AAF7 /* Build configuration list for PBXProject "1014_DesafioPickerView" */;
			compatibilityVersion = "Xcode 9.3";
			developmentRegion = en;
			hasScannedForEncodings = 0;
			knownRegions = (
				en,
				Base,
			);
			mainGroup = 0B7220C12539239200C2AAF7;
			productRefGroup = 0B7220CB2539239200C2AAF7 /* Products */;
			projectDirPath = "";
			projectRoot = "";
			targets = (
				0B7220C92539239200C2AAF7 /* 1014_DesafioPickerView */,
				0B7220DF2539239400C2AAF7 /* 1014_DesafioPickerViewTests */,
				0B7220EA2539239400C2AAF7 /* 1014_DesafioPickerViewUITests */,
			);
		};
/* End PBXProject section */

/* Begin PBXResourcesBuildPhase section */
		0B7220C82539239200C2AAF7 /* Resources */ = {
			isa = PBXResourcesBuildPhase;
			buildActionMask = 2147483647;
			files = (
				0B7220DA2539239300C2AAF7 /* LaunchScreen.storyboard in Resources */,
				0B7220D72539239300C2AAF7 /* Assets.xcassets in Resources */,
				0B7220D52539239200C2AAF7 /* Main.storyboard in Resources */,
			);
			runOnlyForDeploymentPostprocessing = 0;
		};
		0B7220DE2539239400C2AAF7 /* Resources */ = {
			isa = PBXResourcesBuildPhase;
			buildActionMask = 2147483647;
			files = (
			);
			runOnlyForDeploymentPostprocessing = 0;
		};
		0B7220E92539239400C2AAF7 /* Resources */ = {
			isa = PBXResourcesBuildPhase;
			buildActionMask = 2147483647;
			files = (
			);
			runOnlyForDeploymentPostprocessing = 0;
		};
/* End PBXResourcesBuildPhase section */

/* Begin PBXSourcesBuildPhase section */
		0B7220C62539239200C2AAF7 /* Sources */ = {
			isa = PBXSourcesBuildPhase;
			buildActionMask = 2147483647;
			files = (
				0B7220D22539239200C2AAF7 /* ViewController.swift in Sources */,
				0B7220CE2539239200C2AAF7 /* AppDelegate.swift in Sources */,
				0B722106253934FA00C2AAF7 /* CityTableViewCell.swift in Sources */,
				0B7221012539264500C2AAF7 /* City.swift in Sources */,
				0B7220D02539239200C2AAF7 /* SceneDelegate.swift in Sources */,
			);
			runOnlyForDeploymentPostprocessing = 0;
		};
		0B7220DC2539239400C2AAF7 /* Sources */ = {
			isa = PBXSourcesBuildPhase;
			buildActionMask = 2147483647;
			files = (
				0B7220E52539239400C2AAF7 /* _014_DesafioPickerViewTests.swift in Sources */,
			);
			runOnlyForDeploymentPostprocessing = 0;
		};
		0B7220E72539239400C2AAF7 /* Sources */ = {
			isa = PBXSourcesBuildPhase;
			buildActionMask = 2147483647;
			files = (
				0B7220F02539239400C2AAF7 /* _014_DesafioPickerViewUITests.swift in Sources */,
			);
			runOnlyForDeploymentPostprocessing = 0;
		};
/* End PBXSourcesBuildPhase section */

/* Begin PBXTargetDependency section */
		0B7220E22539239400C2AAF7 /* PBXTargetDependency */ = {
			isa = PBXTargetDependency;
			target = 0B7220C92539239200C2AAF7 /* 1014_DesafioPickerView */;
			targetProxy = 0B7220E12539239400C2AAF7 /* PBXContainerItemProxy */;
		};
		0B7220ED2539239400C2AAF7 /* PBXTargetDependency */ = {
			isa = PBXTargetDependency;
			target = 0B7220C92539239200C2AAF7 /* 1014_DesafioPickerView */;
			targetProxy = 0B7220EC2539239400C2AAF7 /* PBXContainerItemProxy */;
		};
/* End PBXTargetDependency section */

/* Begin PBXVariantGroup section */
		0B7220D32539239200C2AAF7 /* Main.storyboard */ = {
			isa = PBXVariantGroup;
			children = (
				0B7220D42539239200C2AAF7 /* Base */,
			);
			name = Main.storyboard;
			sourceTree = "<group>";
		};
		0B7220D82539239300C2AAF7 /* LaunchScreen.storyboard */ = {
			isa = PBXVariantGroup;
			children = (
				0B7220D92539239300C2AAF7 /* Base */,
			);
			name = LaunchScreen.storyboard;
			sourceTree = "<group>";
		};
/* End PBXVariantGroup section */

/* Begin XCBuildConfiguration section */
		0B7220F22539239400C2AAF7 /* Debug */ = {
			isa = XCBuildConfiguration;
			buildSettings = {
				ALWAYS_SEARCH_USER_PATHS = NO;
				CLANG_ANALYZER_NONNULL = YES;
				CLANG_ANALYZER_NUMBER_OBJECT_CONVERSION = YES_AGGRESSIVE;
				CLANG_CXX_LANGUAGE_STANDARD = "gnu++14";
				CLANG_CXX_LIBRARY = "libc++";
				CLANG_ENABLE_MODULES = YES;
				CLANG_ENABLE_OBJC_ARC = YES;
				CLANG_ENABLE_OBJC_WEAK = YES;
				CLANG_WARN_BLOCK_CAPTURE_AUTORELEASING = YES;
				CLANG_WARN_BOOL_CONVERSION = YES;
				CLANG_WARN_COMMA = YES;
				CLANG_WARN_CONSTANT_CONVERSION = YES;
				CLANG_WARN_DEPRECATED_OBJC_IMPLEMENTATIONS = YES;
				CLANG_WARN_DIRECT_OBJC_ISA_USAGE = YES_ERROR;
				CLANG_WARN_DOCUMENTATION_COMMENTS = YES;
				CLANG_WARN_EMPTY_BODY = YES;
				CLANG_WARN_ENUM_CONVERSION = YES;
				CLANG_WARN_INFINITE_RECURSION = YES;
				CLANG_WARN_INT_CONVERSION = YES;
				CLANG_WARN_NON_LITERAL_NULL_CONVERSION = YES;
				CLANG_WARN_OBJC_IMPLICIT_RETAIN_SELF = YES;
				CLANG_WARN_OBJC_LITERAL_CONVERSION = YES;
				CLANG_WARN_OBJC_ROOT_CLASS = YES_ERROR;
				CLANG_WARN_QUOTED_INCLUDE_IN_FRAMEWORK_HEADER = YES;
				CLANG_WARN_RANGE_LOOP_ANALYSIS = YES;
				CLANG_WARN_STRICT_PROTOTYPES = YES;
				CLANG_WARN_SUSPICIOUS_MOVE = YES;
				CLANG_WARN_UNGUARDED_AVAILABILITY = YES_AGGRESSIVE;
				CLANG_WARN_UNREACHABLE_CODE = YES;
				CLANG_WARN__DUPLICATE_METHOD_MATCH = YES;
				COPY_PHASE_STRIP = NO;
				DEBUG_INFORMATION_FORMAT = dwarf;
				ENABLE_STRICT_OBJC_MSGSEND = YES;
				ENABLE_TESTABILITY = YES;
				GCC_C_LANGUAGE_STANDARD = gnu11;
				GCC_DYNAMIC_NO_PIC = NO;
				GCC_NO_COMMON_BLOCKS = YES;
				GCC_OPTIMIZATION_LEVEL = 0;
				GCC_PREPROCESSOR_DEFINITIONS = (
					"DEBUG=1",
					"$(inherited)",
				);
				GCC_WARN_64_TO_32_BIT_CONVERSION = YES;
				GCC_WARN_ABOUT_RETURN_TYPE = YES_ERROR;
				GCC_WARN_UNDECLARED_SELECTOR = YES;
				GCC_WARN_UNINITIALIZED_AUTOS = YES_AGGRESSIVE;
				GCC_WARN_UNUSED_FUNCTION = YES;
				GCC_WARN_UNUSED_VARIABLE = YES;
				IPHONEOS_DEPLOYMENT_TARGET = 14.0;
				MTL_ENABLE_DEBUG_INFO = INCLUDE_SOURCE;
				MTL_FAST_MATH = YES;
				ONLY_ACTIVE_ARCH = YES;
				SDKROOT = iphoneos;
				SWIFT_ACTIVE_COMPILATION_CONDITIONS = DEBUG;
				SWIFT_OPTIMIZATION_LEVEL = "-Onone";
			};
			name = Debug;
		};
		0B7220F32539239400C2AAF7 /* Release */ = {
			isa = XCBuildConfiguration;
			buildSettings = {
				ALWAYS_SEARCH_USER_PATHS = NO;
				CLANG_ANALYZER_NONNULL = YES;
				CLANG_ANALYZER_NUMBER_OBJECT_CONVERSION = YES_AGGRESSIVE;
				CLANG_CXX_LANGUAGE_STANDARD = "gnu++14";
				CLANG_CXX_LIBRARY = "libc++";
				CLANG_ENABLE_MODULES = YES;
				CLANG_ENABLE_OBJC_ARC = YES;
				CLANG_ENABLE_OBJC_WEAK = YES;
				CLANG_WARN_BLOCK_CAPTURE_AUTORELEASING = YES;
				CLANG_WARN_BOOL_CONVERSION = YES;
				CLANG_WARN_COMMA = YES;
				CLANG_WARN_CONSTANT_CONVERSION = YES;
				CLANG_WARN_DEPRECATED_OBJC_IMPLEMENTATIONS = YES;
				CLANG_WARN_DIRECT_OBJC_ISA_USAGE = YES_ERROR;
				CLANG_WARN_DOCUMENTATION_COMMENTS = YES;
				CLANG_WARN_EMPTY_BODY = YES;
				CLANG_WARN_ENUM_CONVERSION = YES;
				CLANG_WARN_INFINITE_RECURSION = YES;
				CLANG_WARN_INT_CONVERSION = YES;
				CLANG_WARN_NON_LITERAL_NULL_CONVERSION = YES;
				CLANG_WARN_OBJC_IMPLICIT_RETAIN_SELF = YES;
				CLANG_WARN_OBJC_LITERAL_CONVERSION = YES;
				CLANG_WARN_OBJC_ROOT_CLASS = YES_ERROR;
				CLANG_WARN_QUOTED_INCLUDE_IN_FRAMEWORK_HEADER = YES;
				CLANG_WARN_RANGE_LOOP_ANALYSIS = YES;
				CLANG_WARN_STRICT_PROTOTYPES = YES;
				CLANG_WARN_SUSPICIOUS_MOVE = YES;
				CLANG_WARN_UNGUARDED_AVAILABILITY = YES_AGGRESSIVE;
				CLANG_WARN_UNREACHABLE_CODE = YES;
				CLANG_WARN__DUPLICATE_METHOD_MATCH = YES;
				COPY_PHASE_STRIP = NO;
				DEBUG_INFORMATION_FORMAT = "dwarf-with-dsym";
				ENABLE_NS_ASSERTIONS = NO;
				ENABLE_STRICT_OBJC_MSGSEND = YES;
				GCC_C_LANGUAGE_STANDARD = gnu11;
				GCC_NO_COMMON_BLOCKS = YES;
				GCC_WARN_64_TO_32_BIT_CONVERSION = YES;
				GCC_WARN_ABOUT_RETURN_TYPE = YES_ERROR;
				GCC_WARN_UNDECLARED_SELECTOR = YES;
				GCC_WARN_UNINITIALIZED_AUTOS = YES_AGGRESSIVE;
				GCC_WARN_UNUSED_FUNCTION = YES;
				GCC_WARN_UNUSED_VARIABLE = YES;
				IPHONEOS_DEPLOYMENT_TARGET = 14.0;
				MTL_ENABLE_DEBUG_INFO = NO;
				MTL_FAST_MATH = YES;
				SDKROOT = iphoneos;
				SWIFT_COMPILATION_MODE = wholemodule;
				SWIFT_OPTIMIZATION_LEVEL = "-O";
				VALIDATE_PRODUCT = YES;
			};
			name = Release;
		};
		0B7220F52539239400C2AAF7 /* Debug */ = {
			isa = XCBuildConfiguration;
			buildSettings = {
				ASSETCATALOG_COMPILER_APPICON_NAME = AppIcon;
				ASSETCATALOG_COMPILER_GLOBAL_ACCENT_COLOR_NAME = AccentColor;
				CODE_SIGN_STYLE = Automatic;
				INFOPLIST_FILE = 1014_DesafioPickerView/Info.plist;
				LD_RUNPATH_SEARCH_PATHS = (
					"$(inherited)",
					"@executable_path/Frameworks",
				);
				PRODUCT_BUNDLE_IDENTIFIER = "com.github.joorgeroberto.-014-DesafioPickerView";
				PRODUCT_NAME = "$(TARGET_NAME)";
				SWIFT_VERSION = 5.0;
				TARGETED_DEVICE_FAMILY = "1,2";
			};
			name = Debug;
		};
		0B7220F62539239400C2AAF7 /* Release */ = {
			isa = XCBuildConfiguration;
			buildSettings = {
				ASSETCATALOG_COMPILER_APPICON_NAME = AppIcon;
				ASSETCATALOG_COMPILER_GLOBAL_ACCENT_COLOR_NAME = AccentColor;
				CODE_SIGN_STYLE = Automatic;
				INFOPLIST_FILE = 1014_DesafioPickerView/Info.plist;
				LD_RUNPATH_SEARCH_PATHS = (
					"$(inherited)",
					"@executable_path/Frameworks",
				);
				PRODUCT_BUNDLE_IDENTIFIER = "com.github.joorgeroberto.-014-DesafioPickerView";
				PRODUCT_NAME = "$(TARGET_NAME)";
				SWIFT_VERSION = 5.0;
				TARGETED_DEVICE_FAMILY = "1,2";
			};
			name = Release;
		};
		0B7220F82539239400C2AAF7 /* Debug */ = {
			isa = XCBuildConfiguration;
			buildSettings = {
				ALWAYS_EMBED_SWIFT_STANDARD_LIBRARIES = YES;
				BUNDLE_LOADER = "$(TEST_HOST)";
				CODE_SIGN_STYLE = Automatic;
				INFOPLIST_FILE = 1014_DesafioPickerViewTests/Info.plist;
				IPHONEOS_DEPLOYMENT_TARGET = 14.0;
				LD_RUNPATH_SEARCH_PATHS = (
					"$(inherited)",
					"@executable_path/Frameworks",
					"@loader_path/Frameworks",
				);
				PRODUCT_BUNDLE_IDENTIFIER = "com.github.joorgeroberto.-014-DesafioPickerViewTests";
				PRODUCT_NAME = "$(TARGET_NAME)";
				SWIFT_VERSION = 5.0;
				TARGETED_DEVICE_FAMILY = "1,2";
				TEST_HOST = "$(BUILT_PRODUCTS_DIR)/1014_DesafioPickerView.app/1014_DesafioPickerView";
			};
			name = Debug;
		};
		0B7220F92539239400C2AAF7 /* Release */ = {
			isa = XCBuildConfiguration;
			buildSettings = {
				ALWAYS_EMBED_SWIFT_STANDARD_LIBRARIES = YES;
				BUNDLE_LOADER = "$(TEST_HOST)";
				CODE_SIGN_STYLE = Automatic;
				INFOPLIST_FILE = 1014_DesafioPickerViewTests/Info.plist;
				IPHONEOS_DEPLOYMENT_TARGET = 14.0;
				LD_RUNPATH_SEARCH_PATHS = (
					"$(inherited)",
					"@executable_path/Frameworks",
					"@loader_path/Frameworks",
				);
				PRODUCT_BUNDLE_IDENTIFIER = "com.github.joorgeroberto.-014-DesafioPickerViewTests";
				PRODUCT_NAME = "$(TARGET_NAME)";
				SWIFT_VERSION = 5.0;
				TARGETED_DEVICE_FAMILY = "1,2";
				TEST_HOST = "$(BUILT_PRODUCTS_DIR)/1014_DesafioPickerView.app/1014_DesafioPickerView";
			};
			name = Release;
		};
		0B7220FB2539239400C2AAF7 /* Debug */ = {
			isa = XCBuildConfiguration;
			buildSettings = {
				ALWAYS_EMBED_SWIFT_STANDARD_LIBRARIES = YES;
				CODE_SIGN_STYLE = Automatic;
				INFOPLIST_FILE = 1014_DesafioPickerViewUITests/Info.plist;
				LD_RUNPATH_SEARCH_PATHS = (
					"$(inherited)",
					"@executable_path/Frameworks",
					"@loader_path/Frameworks",
				);
				PRODUCT_BUNDLE_IDENTIFIER = "com.github.joorgeroberto.-014-DesafioPickerViewUITests";
				PRODUCT_NAME = "$(TARGET_NAME)";
				SWIFT_VERSION = 5.0;
				TARGETED_DEVICE_FAMILY = "1,2";
				TEST_TARGET_NAME = 1014_DesafioPickerView;
			};
			name = Debug;
		};
		0B7220FC2539239400C2AAF7 /* Release */ = {
			isa = XCBuildConfiguration;
			buildSettings = {
				ALWAYS_EMBED_SWIFT_STANDARD_LIBRARIES = YES;
				CODE_SIGN_STYLE = Automatic;
				INFOPLIST_FILE = 1014_DesafioPickerViewUITests/Info.plist;
				LD_RUNPATH_SEARCH_PATHS = (
					"$(inherited)",
					"@executable_path/Frameworks",
					"@loader_path/Frameworks",
				);
				PRODUCT_BUNDLE_IDENTIFIER = "com.github.joorgeroberto.-014-DesafioPickerViewUITests";
				PRODUCT_NAME = "$(TARGET_NAME)";
				SWIFT_VERSION = 5.0;
				TARGETED_DEVICE_FAMILY = "1,2";
				TEST_TARGET_NAME = 1014_DesafioPickerView;
			};
			name = Release;
		};
/* End XCBuildConfiguration section */

/* Begin XCConfigurationList section */
		0B7220C52539239200C2AAF7 /* Build configuration list for PBXProject "1014_DesafioPickerView" */ = {
			isa = XCConfigurationList;
			buildConfigurations = (
				0B7220F22539239400C2AAF7 /* Debug */,
				0B7220F32539239400C2AAF7 /* Release */,
			);
			defaultConfigurationIsVisible = 0;
			defaultConfigurationName = Release;
		};
		0B7220F42539239400C2AAF7 /* Build configuration list for PBXNativeTarget "1014_DesafioPickerView" */ = {
			isa = XCConfigurationList;
			buildConfigurations = (
				0B7220F52539239400C2AAF7 /* Debug */,
				0B7220F62539239400C2AAF7 /* Release */,
			);
			defaultConfigurationIsVisible = 0;
			defaultConfigurationName = Release;
		};
		0B7220F72539239400C2AAF7 /* Build configuration list for PBXNativeTarget "1014_DesafioPickerViewTests" */ = {
			isa = XCConfigurationList;
			buildConfigurations = (
				0B7220F82539239400C2AAF7 /* Debug */,
				0B7220F92539239400C2AAF7 /* Release */,
			);
			defaultConfigurationIsVisible = 0;
			defaultConfigurationName = Release;
		};
		0B7220FA2539239400C2AAF7 /* Build configuration list for PBXNativeTarget "1014_DesafioPickerViewUITests" */ = {
			isa = XCConfigurationList;
			buildConfigurations = (
				0B7220FB2539239400C2AAF7 /* Debug */,
				0B7220FC2539239400C2AAF7 /* Release */,
			);
			defaultConfigurationIsVisible = 0;
			defaultConfigurationName = Release;
		};
/* End XCConfigurationList section */
	};
	rootObject = 0B7220C22539239200C2AAF7 /* Project object */;
}
