// !$*UTF8*$!
{
	archiveVersion = 1;
	classes = {
	};
	objectVersion = 50;
	objects = {

/* Begin PBXBuildFile section */
		0B2AB513256BE2C000523322 /* AppDelegate.swift in Sources */ = {isa = PBXBuildFile; fileRef = 0B2AB512256BE2C000523322 /* AppDelegate.swift */; };
		0B2AB515256BE2C000523322 /* SceneDelegate.swift in Sources */ = {isa = PBXBuildFile; fileRef = 0B2AB514256BE2C000523322 /* SceneDelegate.swift */; };
		0B2AB517256BE2C000523322 /* ViewController.swift in Sources */ = {isa = PBXBuildFile; fileRef = 0B2AB516256BE2C000523322 /* ViewController.swift */; };
		0B2AB51A256BE2C000523322 /* Main.storyboard in Resources */ = {isa = PBXBuildFile; fileRef = 0B2AB518256BE2C000523322 /* Main.storyboard */; };
		0B2AB51C256BE2C100523322 /* Assets.xcassets in Resources */ = {isa = PBXBuildFile; fileRef = 0B2AB51B256BE2C100523322 /* Assets.xcassets */; };
		0B2AB51F256BE2C100523322 /* LaunchScreen.storyboard in Resources */ = {isa = PBXBuildFile; fileRef = 0B2AB51D256BE2C100523322 /* LaunchScreen.storyboard */; };
		0B2AB52A256BE2C100523322 /* _123_TestesTests.swift in Sources */ = {isa = PBXBuildFile; fileRef = 0B2AB529256BE2C100523322 /* _123_TestesTests.swift */; };
		0B2AB535256BE2C100523322 /* _123_TestesUITests.swift in Sources */ = {isa = PBXBuildFile; fileRef = 0B2AB534256BE2C100523322 /* _123_TestesUITests.swift */; };
/* End PBXBuildFile section */

/* Begin PBXContainerItemProxy section */
		0B2AB526256BE2C100523322 /* PBXContainerItemProxy */ = {
			isa = PBXContainerItemProxy;
			containerPortal = 0B2AB507256BE2C000523322 /* Project object */;
			proxyType = 1;
			remoteGlobalIDString = 0B2AB50E256BE2C000523322;
			remoteInfo = 1123_Testes;
		};
		0B2AB531256BE2C100523322 /* PBXContainerItemProxy */ = {
			isa = PBXContainerItemProxy;
			containerPortal = 0B2AB507256BE2C000523322 /* Project object */;
			proxyType = 1;
			remoteGlobalIDString = 0B2AB50E256BE2C000523322;
			remoteInfo = 1123_Testes;
		};
/* End PBXContainerItemProxy section */

/* Begin PBXFileReference section */
		0B2AB50F256BE2C000523322 /* 1123_Testes.app */ = {isa = PBXFileReference; explicitFileType = wrapper.application; includeInIndex = 0; path = 1123_Testes.app; sourceTree = BUILT_PRODUCTS_DIR; };
		0B2AB512256BE2C000523322 /* AppDelegate.swift */ = {isa = PBXFileReference; lastKnownFileType = sourcecode.swift; path = AppDelegate.swift; sourceTree = "<group>"; };
		0B2AB514256BE2C000523322 /* SceneDelegate.swift */ = {isa = PBXFileReference; lastKnownFileType = sourcecode.swift; path = SceneDelegate.swift; sourceTree = "<group>"; };
		0B2AB516256BE2C000523322 /* ViewController.swift */ = {isa = PBXFileReference; lastKnownFileType = sourcecode.swift; path = ViewController.swift; sourceTree = "<group>"; };
		0B2AB519256BE2C000523322 /* Base */ = {isa = PBXFileReference; lastKnownFileType = file.storyboard; name = Base; path = Base.lproj/Main.storyboard; sourceTree = "<group>"; };
		0B2AB51B256BE2C100523322 /* Assets.xcassets */ = {isa = PBXFileReference; lastKnownFileType = folder.assetcatalog; path = Assets.xcassets; sourceTree = "<group>"; };
		0B2AB51E256BE2C100523322 /* Base */ = {isa = PBXFileReference; lastKnownFileType = file.storyboard; name = Base; path = Base.lproj/LaunchScreen.storyboard; sourceTree = "<group>"; };
		0B2AB520256BE2C100523322 /* Info.plist */ = {isa = PBXFileReference; lastKnownFileType = text.plist.xml; path = Info.plist; sourceTree = "<group>"; };
		0B2AB525256BE2C100523322 /* 1123_TestesTests.xctest */ = {isa = PBXFileReference; explicitFileType = wrapper.cfbundle; includeInIndex = 0; path = 1123_TestesTests.xctest; sourceTree = BUILT_PRODUCTS_DIR; };
		0B2AB529256BE2C100523322 /* _123_TestesTests.swift */ = {isa = PBXFileReference; lastKnownFileType = sourcecode.swift; path = _123_TestesTests.swift; sourceTree = "<group>"; };
		0B2AB52B256BE2C100523322 /* Info.plist */ = {isa = PBXFileReference; lastKnownFileType = text.plist.xml; path = Info.plist; sourceTree = "<group>"; };
		0B2AB530256BE2C100523322 /* 1123_TestesUITests.xctest */ = {isa = PBXFileReference; explicitFileType = wrapper.cfbundle; includeInIndex = 0; path = 1123_TestesUITests.xctest; sourceTree = BUILT_PRODUCTS_DIR; };
		0B2AB534256BE2C100523322 /* _123_TestesUITests.swift */ = {isa = PBXFileReference; lastKnownFileType = sourcecode.swift; path = _123_TestesUITests.swift; sourceTree = "<group>"; };
		0B2AB536256BE2C100523322 /* Info.plist */ = {isa = PBXFileReference; lastKnownFileType = text.plist.xml; path = Info.plist; sourceTree = "<group>"; };
/* End PBXFileReference section */

/* Begin PBXFrameworksBuildPhase section */
		0B2AB50C256BE2C000523322 /* Frameworks */ = {
			isa = PBXFrameworksBuildPhase;
			buildActionMask = 2147483647;
			files = (
			);
			runOnlyForDeploymentPostprocessing = 0;
		};
		0B2AB522256BE2C100523322 /* Frameworks */ = {
			isa = PBXFrameworksBuildPhase;
			buildActionMask = 2147483647;
			files = (
			);
			runOnlyForDeploymentPostprocessing = 0;
		};
		0B2AB52D256BE2C100523322 /* Frameworks */ = {
			isa = PBXFrameworksBuildPhase;
			buildActionMask = 2147483647;
			files = (
			);
			runOnlyForDeploymentPostprocessing = 0;
		};
/* End PBXFrameworksBuildPhase section */

/* Begin PBXGroup section */
		0B2AB506256BE2C000523322 = {
			isa = PBXGroup;
			children = (
				0B2AB511256BE2C000523322 /* 1123_Testes */,
				0B2AB528256BE2C100523322 /* 1123_TestesTests */,
				0B2AB533256BE2C100523322 /* 1123_TestesUITests */,
				0B2AB510256BE2C000523322 /* Products */,
			);
			sourceTree = "<group>";
		};
		0B2AB510256BE2C000523322 /* Products */ = {
			isa = PBXGroup;
			children = (
				0B2AB50F256BE2C000523322 /* 1123_Testes.app */,
				0B2AB525256BE2C100523322 /* 1123_TestesTests.xctest */,
				0B2AB530256BE2C100523322 /* 1123_TestesUITests.xctest */,
			);
			name = Products;
			sourceTree = "<group>";
		};
		0B2AB511256BE2C000523322 /* 1123_Testes */ = {
			isa = PBXGroup;
			children = (
				0B2AB512256BE2C000523322 /* AppDelegate.swift */,
				0B2AB514256BE2C000523322 /* SceneDelegate.swift */,
				0B2AB516256BE2C000523322 /* ViewController.swift */,
				0B2AB518256BE2C000523322 /* Main.storyboard */,
				0B2AB51B256BE2C100523322 /* Assets.xcassets */,
				0B2AB51D256BE2C100523322 /* LaunchScreen.storyboard */,
				0B2AB520256BE2C100523322 /* Info.plist */,
			);
			path = 1123_Testes;
			sourceTree = "<group>";
		};
		0B2AB528256BE2C100523322 /* 1123_TestesTests */ = {
			isa = PBXGroup;
			children = (
				0B2AB529256BE2C100523322 /* _123_TestesTests.swift */,
				0B2AB52B256BE2C100523322 /* Info.plist */,
			);
			path = 1123_TestesTests;
			sourceTree = "<group>";
		};
		0B2AB533256BE2C100523322 /* 1123_TestesUITests */ = {
			isa = PBXGroup;
			children = (
				0B2AB534256BE2C100523322 /* _123_TestesUITests.swift */,
				0B2AB536256BE2C100523322 /* Info.plist */,
			);
			path = 1123_TestesUITests;
			sourceTree = "<group>";
		};
/* End PBXGroup section */

/* Begin PBXNativeTarget section */
		0B2AB50E256BE2C000523322 /* 1123_Testes */ = {
			isa = PBXNativeTarget;
			buildConfigurationList = 0B2AB539256BE2C100523322 /* Build configuration list for PBXNativeTarget "1123_Testes" */;
			buildPhases = (
				0B2AB50B256BE2C000523322 /* Sources */,
				0B2AB50C256BE2C000523322 /* Frameworks */,
				0B2AB50D256BE2C000523322 /* Resources */,
			);
			buildRules = (
			);
			dependencies = (
			);
			name = 1123_Testes;
			productName = 1123_Testes;
			productReference = 0B2AB50F256BE2C000523322 /* 1123_Testes.app */;
			productType = "com.apple.product-type.application";
		};
		0B2AB524256BE2C100523322 /* 1123_TestesTests */ = {
			isa = PBXNativeTarget;
			buildConfigurationList = 0B2AB53C256BE2C100523322 /* Build configuration list for PBXNativeTarget "1123_TestesTests" */;
			buildPhases = (
				0B2AB521256BE2C100523322 /* Sources */,
				0B2AB522256BE2C100523322 /* Frameworks */,
				0B2AB523256BE2C100523322 /* Resources */,
			);
			buildRules = (
			);
			dependencies = (
				0B2AB527256BE2C100523322 /* PBXTargetDependency */,
			);
			name = 1123_TestesTests;
			productName = 1123_TestesTests;
			productReference = 0B2AB525256BE2C100523322 /* 1123_TestesTests.xctest */;
			productType = "com.apple.product-type.bundle.unit-test";
		};
		0B2AB52F256BE2C100523322 /* 1123_TestesUITests */ = {
			isa = PBXNativeTarget;
			buildConfigurationList = 0B2AB53F256BE2C100523322 /* Build configuration list for PBXNativeTarget "1123_TestesUITests" */;
			buildPhases = (
				0B2AB52C256BE2C100523322 /* Sources */,
				0B2AB52D256BE2C100523322 /* Frameworks */,
				0B2AB52E256BE2C100523322 /* Resources */,
			);
			buildRules = (
			);
			dependencies = (
				0B2AB532256BE2C100523322 /* PBXTargetDependency */,
			);
			name = 1123_TestesUITests;
			productName = 1123_TestesUITests;
			productReference = 0B2AB530256BE2C100523322 /* 1123_TestesUITests.xctest */;
			productType = "com.apple.product-type.bundle.ui-testing";
		};
/* End PBXNativeTarget section */

/* Begin PBXProject section */
		0B2AB507256BE2C000523322 /* Project object */ = {
			isa = PBXProject;
			attributes = {
				LastSwiftUpdateCheck = 1220;
				LastUpgradeCheck = 1220;
				TargetAttributes = {
					0B2AB50E256BE2C000523322 = {
						CreatedOnToolsVersion = 12.2;
					};
					0B2AB524256BE2C100523322 = {
						CreatedOnToolsVersion = 12.2;
						TestTargetID = 0B2AB50E256BE2C000523322;
					};
					0B2AB52F256BE2C100523322 = {
						CreatedOnToolsVersion = 12.2;
						TestTargetID = 0B2AB50E256BE2C000523322;
					};
				};
			};
			buildConfigurationList = 0B2AB50A256BE2C000523322 /* Build configuration list for PBXProject "1123_Testes" */;
			compatibilityVersion = "Xcode 9.3";
			developmentRegion = en;
			hasScannedForEncodings = 0;
			knownRegions = (
				en,
				Base,
			);
			mainGroup = 0B2AB506256BE2C000523322;
			productRefGroup = 0B2AB510256BE2C000523322 /* Products */;
			projectDirPath = "";
			projectRoot = "";
			targets = (
				0B2AB50E256BE2C000523322 /* 1123_Testes */,
				0B2AB524256BE2C100523322 /* 1123_TestesTests */,
				0B2AB52F256BE2C100523322 /* 1123_TestesUITests */,
			);
		};
/* End PBXProject section */

/* Begin PBXResourcesBuildPhase section */
		0B2AB50D256BE2C000523322 /* Resources */ = {
			isa = PBXResourcesBuildPhase;
			buildActionMask = 2147483647;
			files = (
				0B2AB51F256BE2C100523322 /* LaunchScreen.storyboard in Resources */,
				0B2AB51C256BE2C100523322 /* Assets.xcassets in Resources */,
				0B2AB51A256BE2C000523322 /* Main.storyboard in Resources */,
			);
			runOnlyForDeploymentPostprocessing = 0;
		};
		0B2AB523256BE2C100523322 /* Resources */ = {
			isa = PBXResourcesBuildPhase;
			buildActionMask = 2147483647;
			files = (
			);
			runOnlyForDeploymentPostprocessing = 0;
		};
		0B2AB52E256BE2C100523322 /* Resources */ = {
			isa = PBXResourcesBuildPhase;
			buildActionMask = 2147483647;
			files = (
			);
			runOnlyForDeploymentPostprocessing = 0;
		};
/* End PBXResourcesBuildPhase section */

/* Begin PBXSourcesBuildPhase section */
		0B2AB50B256BE2C000523322 /* Sources */ = {
			isa = PBXSourcesBuildPhase;
			buildActionMask = 2147483647;
			files = (
				0B2AB517256BE2C000523322 /* ViewController.swift in Sources */,
				0B2AB513256BE2C000523322 /* AppDelegate.swift in Sources */,
				0B2AB515256BE2C000523322 /* SceneDelegate.swift in Sources */,
			);
			runOnlyForDeploymentPostprocessing = 0;
		};
		0B2AB521256BE2C100523322 /* Sources */ = {
			isa = PBXSourcesBuildPhase;
			buildActionMask = 2147483647;
			files = (
				0B2AB52A256BE2C100523322 /* _123_TestesTests.swift in Sources */,
			);
			runOnlyForDeploymentPostprocessing = 0;
		};
		0B2AB52C256BE2C100523322 /* Sources */ = {
			isa = PBXSourcesBuildPhase;
			buildActionMask = 2147483647;
			files = (
				0B2AB535256BE2C100523322 /* _123_TestesUITests.swift in Sources */,
			);
			runOnlyForDeploymentPostprocessing = 0;
		};
/* End PBXSourcesBuildPhase section */

/* Begin PBXTargetDependency section */
		0B2AB527256BE2C100523322 /* PBXTargetDependency */ = {
			isa = PBXTargetDependency;
			target = 0B2AB50E256BE2C000523322 /* 1123_Testes */;
			targetProxy = 0B2AB526256BE2C100523322 /* PBXContainerItemProxy */;
		};
		0B2AB532256BE2C100523322 /* PBXTargetDependency */ = {
			isa = PBXTargetDependency;
			target = 0B2AB50E256BE2C000523322 /* 1123_Testes */;
			targetProxy = 0B2AB531256BE2C100523322 /* PBXContainerItemProxy */;
		};
/* End PBXTargetDependency section */

/* Begin PBXVariantGroup section */
		0B2AB518256BE2C000523322 /* Main.storyboard */ = {
			isa = PBXVariantGroup;
			children = (
				0B2AB519256BE2C000523322 /* Base */,
			);
			name = Main.storyboard;
			sourceTree = "<group>";
		};
		0B2AB51D256BE2C100523322 /* LaunchScreen.storyboard */ = {
			isa = PBXVariantGroup;
			children = (
				0B2AB51E256BE2C100523322 /* Base */,
			);
			name = LaunchScreen.storyboard;
			sourceTree = "<group>";
		};
/* End PBXVariantGroup section */

/* Begin XCBuildConfiguration section */
		0B2AB537256BE2C100523322 /* Debug */ = {
			isa = XCBuildConfiguration;
			buildSettings = {
				ALWAYS_SEARCH_USER_PATHS = NO;
				CLANG_ANALYZER_NONNULL = YES;
				CLANG_ANALYZER_NUMBER_OBJECT_CONVERSION = YES_AGGRESSIVE;
				CLANG_CXX_LANGUAGE_STANDARD = "gnu++14";
				CLANG_CXX_LIBRARY = "libc++";
				CLANG_ENABLE_MODULES = YES;
				CLANG_ENABLE_OBJC_ARC = YES;
				CLANG_ENABLE_OBJC_WEAK = YES;
				CLANG_WARN_BLOCK_CAPTURE_AUTORELEASING = YES;
				CLANG_WARN_BOOL_CONVERSION = YES;
				CLANG_WARN_COMMA = YES;
				CLANG_WARN_CONSTANT_CONVERSION = YES;
				CLANG_WARN_DEPRECATED_OBJC_IMPLEMENTATIONS = YES;
				CLANG_WARN_DIRECT_OBJC_ISA_USAGE = YES_ERROR;
				CLANG_WARN_DOCUMENTATION_COMMENTS = YES;
				CLANG_WARN_EMPTY_BODY = YES;
				CLANG_WARN_ENUM_CONVERSION = YES;
				CLANG_WARN_INFINITE_RECURSION = YES;
				CLANG_WARN_INT_CONVERSION = YES;
				CLANG_WARN_NON_LITERAL_NULL_CONVERSION = YES;
				CLANG_WARN_OBJC_IMPLICIT_RETAIN_SELF = YES;
				CLANG_WARN_OBJC_LITERAL_CONVERSION = YES;
				CLANG_WARN_OBJC_ROOT_CLASS = YES_ERROR;
				CLANG_WARN_QUOTED_INCLUDE_IN_FRAMEWORK_HEADER = YES;
				CLANG_WARN_RANGE_LOOP_ANALYSIS = YES;
				CLANG_WARN_STRICT_PROTOTYPES = YES;
				CLANG_WARN_SUSPICIOUS_MOVE = YES;
				CLANG_WARN_UNGUARDED_AVAILABILITY = YES_AGGRESSIVE;
				CLANG_WARN_UNREACHABLE_CODE = YES;
				CLANG_WARN__DUPLICATE_METHOD_MATCH = YES;
				COPY_PHASE_STRIP = NO;
				DEBUG_INFORMATION_FORMAT = dwarf;
				ENABLE_STRICT_OBJC_MSGSEND = YES;
				ENABLE_TESTABILITY = YES;
				GCC_C_LANGUAGE_STANDARD = gnu11;
				GCC_DYNAMIC_NO_PIC = NO;
				GCC_NO_COMMON_BLOCKS = YES;
				GCC_OPTIMIZATION_LEVEL = 0;
				GCC_PREPROCESSOR_DEFINITIONS = (
					"DEBUG=1",
					"$(inherited)",
				);
				GCC_WARN_64_TO_32_BIT_CONVERSION = YES;
				GCC_WARN_ABOUT_RETURN_TYPE = YES_ERROR;
				GCC_WARN_UNDECLARED_SELECTOR = YES;
				GCC_WARN_UNINITIALIZED_AUTOS = YES_AGGRESSIVE;
				GCC_WARN_UNUSED_FUNCTION = YES;
				GCC_WARN_UNUSED_VARIABLE = YES;
				IPHONEOS_DEPLOYMENT_TARGET = 14.2;
				MTL_ENABLE_DEBUG_INFO = INCLUDE_SOURCE;
				MTL_FAST_MATH = YES;
				ONLY_ACTIVE_ARCH = YES;
				SDKROOT = iphoneos;
				SWIFT_ACTIVE_COMPILATION_CONDITIONS = DEBUG;
				SWIFT_OPTIMIZATION_LEVEL = "-Onone";
			};
			name = Debug;
		};
		0B2AB538256BE2C100523322 /* Release */ = {
			isa = XCBuildConfiguration;
			buildSettings = {
				ALWAYS_SEARCH_USER_PATHS = NO;
				CLANG_ANALYZER_NONNULL = YES;
				CLANG_ANALYZER_NUMBER_OBJECT_CONVERSION = YES_AGGRESSIVE;
				CLANG_CXX_LANGUAGE_STANDARD = "gnu++14";
				CLANG_CXX_LIBRARY = "libc++";
				CLANG_ENABLE_MODULES = YES;
				CLANG_ENABLE_OBJC_ARC = YES;
				CLANG_ENABLE_OBJC_WEAK = YES;
				CLANG_WARN_BLOCK_CAPTURE_AUTORELEASING = YES;
				CLANG_WARN_BOOL_CONVERSION = YES;
				CLANG_WARN_COMMA = YES;
				CLANG_WARN_CONSTANT_CONVERSION = YES;
				CLANG_WARN_DEPRECATED_OBJC_IMPLEMENTATIONS = YES;
				CLANG_WARN_DIRECT_OBJC_ISA_USAGE = YES_ERROR;
				CLANG_WARN_DOCUMENTATION_COMMENTS = YES;
				CLANG_WARN_EMPTY_BODY = YES;
				CLANG_WARN_ENUM_CONVERSION = YES;
				CLANG_WARN_INFINITE_RECURSION = YES;
				CLANG_WARN_INT_CONVERSION = YES;
				CLANG_WARN_NON_LITERAL_NULL_CONVERSION = YES;
				CLANG_WARN_OBJC_IMPLICIT_RETAIN_SELF = YES;
				CLANG_WARN_OBJC_LITERAL_CONVERSION = YES;
				CLANG_WARN_OBJC_ROOT_CLASS = YES_ERROR;
				CLANG_WARN_QUOTED_INCLUDE_IN_FRAMEWORK_HEADER = YES;
				CLANG_WARN_RANGE_LOOP_ANALYSIS = YES;
				CLANG_WARN_STRICT_PROTOTYPES = YES;
				CLANG_WARN_SUSPICIOUS_MOVE = YES;
				CLANG_WARN_UNGUARDED_AVAILABILITY = YES_AGGRESSIVE;
				CLANG_WARN_UNREACHABLE_CODE = YES;
				CLANG_WARN__DUPLICATE_METHOD_MATCH = YES;
				COPY_PHASE_STRIP = NO;
				DEBUG_INFORMATION_FORMAT = "dwarf-with-dsym";
				ENABLE_NS_ASSERTIONS = NO;
				ENABLE_STRICT_OBJC_MSGSEND = YES;
				GCC_C_LANGUAGE_STANDARD = gnu11;
				GCC_NO_COMMON_BLOCKS = YES;
				GCC_WARN_64_TO_32_BIT_CONVERSION = YES;
				GCC_WARN_ABOUT_RETURN_TYPE = YES_ERROR;
				GCC_WARN_UNDECLARED_SELECTOR = YES;
				GCC_WARN_UNINITIALIZED_AUTOS = YES_AGGRESSIVE;
				GCC_WARN_UNUSED_FUNCTION = YES;
				GCC_WARN_UNUSED_VARIABLE = YES;
				IPHONEOS_DEPLOYMENT_TARGET = 14.2;
				MTL_ENABLE_DEBUG_INFO = NO;
				MTL_FAST_MATH = YES;
				SDKROOT = iphoneos;
				SWIFT_COMPILATION_MODE = wholemodule;
				SWIFT_OPTIMIZATION_LEVEL = "-O";
				VALIDATE_PRODUCT = YES;
			};
			name = Release;
		};
		0B2AB53A256BE2C100523322 /* Debug */ = {
			isa = XCBuildConfiguration;
			buildSettings = {
				ASSETCATALOG_COMPILER_APPICON_NAME = AppIcon;
				ASSETCATALOG_COMPILER_GLOBAL_ACCENT_COLOR_NAME = AccentColor;
				CODE_SIGN_STYLE = Automatic;
				INFOPLIST_FILE = 1123_Testes/Info.plist;
				LD_RUNPATH_SEARCH_PATHS = (
					"$(inherited)",
					"@executable_path/Frameworks",
				);
				PRODUCT_BUNDLE_IDENTIFIER = "com.github.joorgeroberto.-123-Testes";
				PRODUCT_NAME = "$(TARGET_NAME)";
				SWIFT_VERSION = 5.0;
				TARGETED_DEVICE_FAMILY = "1,2";
			};
			name = Debug;
		};
		0B2AB53B256BE2C100523322 /* Release */ = {
			isa = XCBuildConfiguration;
			buildSettings = {
				ASSETCATALOG_COMPILER_APPICON_NAME = AppIcon;
				ASSETCATALOG_COMPILER_GLOBAL_ACCENT_COLOR_NAME = AccentColor;
				CODE_SIGN_STYLE = Automatic;
				INFOPLIST_FILE = 1123_Testes/Info.plist;
				LD_RUNPATH_SEARCH_PATHS = (
					"$(inherited)",
					"@executable_path/Frameworks",
				);
				PRODUCT_BUNDLE_IDENTIFIER = "com.github.joorgeroberto.-123-Testes";
				PRODUCT_NAME = "$(TARGET_NAME)";
				SWIFT_VERSION = 5.0;
				TARGETED_DEVICE_FAMILY = "1,2";
			};
			name = Release;
		};
		0B2AB53D256BE2C100523322 /* Debug */ = {
			isa = XCBuildConfiguration;
			buildSettings = {
				ALWAYS_EMBED_SWIFT_STANDARD_LIBRARIES = YES;
				BUNDLE_LOADER = "$(TEST_HOST)";
				CODE_SIGN_STYLE = Automatic;
				INFOPLIST_FILE = 1123_TestesTests/Info.plist;
				IPHONEOS_DEPLOYMENT_TARGET = 14.2;
				LD_RUNPATH_SEARCH_PATHS = (
					"$(inherited)",
					"@executable_path/Frameworks",
					"@loader_path/Frameworks",
				);
				PRODUCT_BUNDLE_IDENTIFIER = "com.github.joorgeroberto.-123-TestesTests";
				PRODUCT_NAME = "$(TARGET_NAME)";
				SWIFT_VERSION = 5.0;
				TARGETED_DEVICE_FAMILY = "1,2";
				TEST_HOST = "$(BUILT_PRODUCTS_DIR)/1123_Testes.app/1123_Testes";
			};
			name = Debug;
		};
		0B2AB53E256BE2C100523322 /* Release */ = {
			isa = XCBuildConfiguration;
			buildSettings = {
				ALWAYS_EMBED_SWIFT_STANDARD_LIBRARIES = YES;
				BUNDLE_LOADER = "$(TEST_HOST)";
				CODE_SIGN_STYLE = Automatic;
				INFOPLIST_FILE = 1123_TestesTests/Info.plist;
				IPHONEOS_DEPLOYMENT_TARGET = 14.2;
				LD_RUNPATH_SEARCH_PATHS = (
					"$(inherited)",
					"@executable_path/Frameworks",
					"@loader_path/Frameworks",
				);
				PRODUCT_BUNDLE_IDENTIFIER = "com.github.joorgeroberto.-123-TestesTests";
				PRODUCT_NAME = "$(TARGET_NAME)";
				SWIFT_VERSION = 5.0;
				TARGETED_DEVICE_FAMILY = "1,2";
				TEST_HOST = "$(BUILT_PRODUCTS_DIR)/1123_Testes.app/1123_Testes";
			};
			name = Release;
		};
		0B2AB540256BE2C100523322 /* Debug */ = {
			isa = XCBuildConfiguration;
			buildSettings = {
				ALWAYS_EMBED_SWIFT_STANDARD_LIBRARIES = YES;
				CODE_SIGN_STYLE = Automatic;
				INFOPLIST_FILE = 1123_TestesUITests/Info.plist;
				LD_RUNPATH_SEARCH_PATHS = (
					"$(inherited)",
					"@executable_path/Frameworks",
					"@loader_path/Frameworks",
				);
				PRODUCT_BUNDLE_IDENTIFIER = "com.github.joorgeroberto.-123-TestesUITests";
				PRODUCT_NAME = "$(TARGET_NAME)";
				SWIFT_VERSION = 5.0;
				TARGETED_DEVICE_FAMILY = "1,2";
				TEST_TARGET_NAME = 1123_Testes;
			};
			name = Debug;
		};
		0B2AB541256BE2C100523322 /* Release */ = {
			isa = XCBuildConfiguration;
			buildSettings = {
				ALWAYS_EMBED_SWIFT_STANDARD_LIBRARIES = YES;
				CODE_SIGN_STYLE = Automatic;
				INFOPLIST_FILE = 1123_TestesUITests/Info.plist;
				LD_RUNPATH_SEARCH_PATHS = (
					"$(inherited)",
					"@executable_path/Frameworks",
					"@loader_path/Frameworks",
				);
				PRODUCT_BUNDLE_IDENTIFIER = "com.github.joorgeroberto.-123-TestesUITests";
				PRODUCT_NAME = "$(TARGET_NAME)";
				SWIFT_VERSION = 5.0;
				TARGETED_DEVICE_FAMILY = "1,2";
				TEST_TARGET_NAME = 1123_Testes;
			};
			name = Release;
		};
/* End XCBuildConfiguration section */

/* Begin XCConfigurationList section */
		0B2AB50A256BE2C000523322 /* Build configuration list for PBXProject "1123_Testes" */ = {
			isa = XCConfigurationList;
			buildConfigurations = (
				0B2AB537256BE2C100523322 /* Debug */,
				0B2AB538256BE2C100523322 /* Release */,
			);
			defaultConfigurationIsVisible = 0;
			defaultConfigurationName = Release;
		};
		0B2AB539256BE2C100523322 /* Build configuration list for PBXNativeTarget "1123_Testes" */ = {
			isa = XCConfigurationList;
			buildConfigurations = (
				0B2AB53A256BE2C100523322 /* Debug */,
				0B2AB53B256BE2C100523322 /* Release */,
			);
			defaultConfigurationIsVisible = 0;
			defaultConfigurationName = Release;
		};
		0B2AB53C256BE2C100523322 /* Build configuration list for PBXNativeTarget "1123_TestesTests" */ = {
			isa = XCConfigurationList;
			buildConfigurations = (
				0B2AB53D256BE2C100523322 /* Debug */,
				0B2AB53E256BE2C100523322 /* Release */,
			);
			defaultConfigurationIsVisible = 0;
			defaultConfigurationName = Release;
		};
		0B2AB53F256BE2C100523322 /* Build configuration list for PBXNativeTarget "1123_TestesUITests" */ = {
			isa = XCConfigurationList;
			buildConfigurations = (
				0B2AB540256BE2C100523322 /* Debug */,
				0B2AB541256BE2C100523322 /* Release */,
			);
			defaultConfigurationIsVisible = 0;
			defaultConfigurationName = Release;
		};
/* End XCConfigurationList section */
	};
	rootObject = 0B2AB507256BE2C000523322 /* Project object */;
}
