// !$*UTF8*$!
{
	archiveVersion = 1;
	classes = {
	};
	objectVersion = 50;
	objects = {

/* Begin PBXBuildFile section */
		0B7F35CD252B564600DAA164 /* AppDelegate.swift in Sources */ = {isa = PBXBuildFile; fileRef = 0B7F35CC252B564600DAA164 /* AppDelegate.swift */; };
		0B7F35CF252B564600DAA164 /* SceneDelegate.swift in Sources */ = {isa = PBXBuildFile; fileRef = 0B7F35CE252B564600DAA164 /* SceneDelegate.swift */; };
		0B7F35D1252B564600DAA164 /* ViewController.swift in Sources */ = {isa = PBXBuildFile; fileRef = 0B7F35D0252B564600DAA164 /* ViewController.swift */; };
		0B7F35D4252B564600DAA164 /* Main.storyboard in Resources */ = {isa = PBXBuildFile; fileRef = 0B7F35D2252B564600DAA164 /* Main.storyboard */; };
		0B7F35D6252B564700DAA164 /* Assets.xcassets in Resources */ = {isa = PBXBuildFile; fileRef = 0B7F35D5252B564700DAA164 /* Assets.xcassets */; };
		0B7F35D9252B564700DAA164 /* LaunchScreen.storyboard in Resources */ = {isa = PBXBuildFile; fileRef = 0B7F35D7252B564700DAA164 /* LaunchScreen.storyboard */; };
		0B7F35E4252B564700DAA164 /* _005_ExercicioIBOutletAvancadoTests.swift in Sources */ = {isa = PBXBuildFile; fileRef = 0B7F35E3252B564700DAA164 /* _005_ExercicioIBOutletAvancadoTests.swift */; };
		0B7F35EF252B564700DAA164 /* _005_ExercicioIBOutletAvancadoUITests.swift in Sources */ = {isa = PBXBuildFile; fileRef = 0B7F35EE252B564700DAA164 /* _005_ExercicioIBOutletAvancadoUITests.swift */; };
		0B7F3600252B59A600DAA164 /* jorge.jpeg in Resources */ = {isa = PBXBuildFile; fileRef = 0B7F35FF252B59A600DAA164 /* jorge.jpeg */; };
/* End PBXBuildFile section */

/* Begin PBXContainerItemProxy section */
		0B7F35E0252B564700DAA164 /* PBXContainerItemProxy */ = {
			isa = PBXContainerItemProxy;
			containerPortal = 0B7F35C1252B564600DAA164 /* Project object */;
			proxyType = 1;
			remoteGlobalIDString = 0B7F35C8252B564600DAA164;
			remoteInfo = 1005_ExercicioIBOutletAvancado;
		};
		0B7F35EB252B564700DAA164 /* PBXContainerItemProxy */ = {
			isa = PBXContainerItemProxy;
			containerPortal = 0B7F35C1252B564600DAA164 /* Project object */;
			proxyType = 1;
			remoteGlobalIDString = 0B7F35C8252B564600DAA164;
			remoteInfo = 1005_ExercicioIBOutletAvancado;
		};
/* End PBXContainerItemProxy section */

/* Begin PBXFileReference section */
		0B7F35C9252B564600DAA164 /* 1005_ExercicioIBOutletAvancado.app */ = {isa = PBXFileReference; explicitFileType = wrapper.application; includeInIndex = 0; path = 1005_ExercicioIBOutletAvancado.app; sourceTree = BUILT_PRODUCTS_DIR; };
		0B7F35CC252B564600DAA164 /* AppDelegate.swift */ = {isa = PBXFileReference; lastKnownFileType = sourcecode.swift; path = AppDelegate.swift; sourceTree = "<group>"; };
		0B7F35CE252B564600DAA164 /* SceneDelegate.swift */ = {isa = PBXFileReference; lastKnownFileType = sourcecode.swift; path = SceneDelegate.swift; sourceTree = "<group>"; };
		0B7F35D0252B564600DAA164 /* ViewController.swift */ = {isa = PBXFileReference; lastKnownFileType = sourcecode.swift; path = ViewController.swift; sourceTree = "<group>"; };
		0B7F35D3252B564600DAA164 /* Base */ = {isa = PBXFileReference; lastKnownFileType = file.storyboard; name = Base; path = Base.lproj/Main.storyboard; sourceTree = "<group>"; };
		0B7F35D5252B564700DAA164 /* Assets.xcassets */ = {isa = PBXFileReference; lastKnownFileType = folder.assetcatalog; path = Assets.xcassets; sourceTree = "<group>"; };
		0B7F35D8252B564700DAA164 /* Base */ = {isa = PBXFileReference; lastKnownFileType = file.storyboard; name = Base; path = Base.lproj/LaunchScreen.storyboard; sourceTree = "<group>"; };
		0B7F35DA252B564700DAA164 /* Info.plist */ = {isa = PBXFileReference; lastKnownFileType = text.plist.xml; path = Info.plist; sourceTree = "<group>"; };
		0B7F35DF252B564700DAA164 /* 1005_ExercicioIBOutletAvancadoTests.xctest */ = {isa = PBXFileReference; explicitFileType = wrapper.cfbundle; includeInIndex = 0; path = 1005_ExercicioIBOutletAvancadoTests.xctest; sourceTree = BUILT_PRODUCTS_DIR; };
		0B7F35E3252B564700DAA164 /* _005_ExercicioIBOutletAvancadoTests.swift */ = {isa = PBXFileReference; lastKnownFileType = sourcecode.swift; path = _005_ExercicioIBOutletAvancadoTests.swift; sourceTree = "<group>"; };
		0B7F35E5252B564700DAA164 /* Info.plist */ = {isa = PBXFileReference; lastKnownFileType = text.plist.xml; path = Info.plist; sourceTree = "<group>"; };
		0B7F35EA252B564700DAA164 /* 1005_ExercicioIBOutletAvancadoUITests.xctest */ = {isa = PBXFileReference; explicitFileType = wrapper.cfbundle; includeInIndex = 0; path = 1005_ExercicioIBOutletAvancadoUITests.xctest; sourceTree = BUILT_PRODUCTS_DIR; };
		0B7F35EE252B564700DAA164 /* _005_ExercicioIBOutletAvancadoUITests.swift */ = {isa = PBXFileReference; lastKnownFileType = sourcecode.swift; path = _005_ExercicioIBOutletAvancadoUITests.swift; sourceTree = "<group>"; };
		0B7F35F0252B564700DAA164 /* Info.plist */ = {isa = PBXFileReference; lastKnownFileType = text.plist.xml; path = Info.plist; sourceTree = "<group>"; };
		0B7F35FF252B59A600DAA164 /* jorge.jpeg */ = {isa = PBXFileReference; lastKnownFileType = image.jpeg; name = jorge.jpeg; path = ../../0930_DesafioCollectionView/0930_DesafioCollectionView/jorge.jpeg; sourceTree = "<group>"; };
/* End PBXFileReference section */

/* Begin PBXFrameworksBuildPhase section */
		0B7F35C6252B564600DAA164 /* Frameworks */ = {
			isa = PBXFrameworksBuildPhase;
			buildActionMask = 2147483647;
			files = (
			);
			runOnlyForDeploymentPostprocessing = 0;
		};
		0B7F35DC252B564700DAA164 /* Frameworks */ = {
			isa = PBXFrameworksBuildPhase;
			buildActionMask = 2147483647;
			files = (
			);
			runOnlyForDeploymentPostprocessing = 0;
		};
		0B7F35E7252B564700DAA164 /* Frameworks */ = {
			isa = PBXFrameworksBuildPhase;
			buildActionMask = 2147483647;
			files = (
			);
			runOnlyForDeploymentPostprocessing = 0;
		};
/* End PBXFrameworksBuildPhase section */

/* Begin PBXGroup section */
		0B7F35C0252B564600DAA164 = {
			isa = PBXGroup;
			children = (
				0B7F35CB252B564600DAA164 /* 1005_ExercicioIBOutletAvancado */,
				0B7F35E2252B564700DAA164 /* 1005_ExercicioIBOutletAvancadoTests */,
				0B7F35ED252B564700DAA164 /* 1005_ExercicioIBOutletAvancadoUITests */,
				0B7F35CA252B564600DAA164 /* Products */,
			);
			sourceTree = "<group>";
		};
		0B7F35CA252B564600DAA164 /* Products */ = {
			isa = PBXGroup;
			children = (
				0B7F35C9252B564600DAA164 /* 1005_ExercicioIBOutletAvancado.app */,
				0B7F35DF252B564700DAA164 /* 1005_ExercicioIBOutletAvancadoTests.xctest */,
				0B7F35EA252B564700DAA164 /* 1005_ExercicioIBOutletAvancadoUITests.xctest */,
			);
			name = Products;
			sourceTree = "<group>";
		};
		0B7F35CB252B564600DAA164 /* 1005_ExercicioIBOutletAvancado */ = {
			isa = PBXGroup;
			children = (
				0B7F35CC252B564600DAA164 /* AppDelegate.swift */,
				0B7F35CE252B564600DAA164 /* SceneDelegate.swift */,
				0B7F35D0252B564600DAA164 /* ViewController.swift */,
				0B7F35D2252B564600DAA164 /* Main.storyboard */,
				0B7F35D5252B564700DAA164 /* Assets.xcassets */,
				0B7F35D7252B564700DAA164 /* LaunchScreen.storyboard */,
				0B7F35FF252B59A600DAA164 /* jorge.jpeg */,
				0B7F35DA252B564700DAA164 /* Info.plist */,
			);
			path = 1005_ExercicioIBOutletAvancado;
			sourceTree = "<group>";
		};
		0B7F35E2252B564700DAA164 /* 1005_ExercicioIBOutletAvancadoTests */ = {
			isa = PBXGroup;
			children = (
				0B7F35E3252B564700DAA164 /* _005_ExercicioIBOutletAvancadoTests.swift */,
				0B7F35E5252B564700DAA164 /* Info.plist */,
			);
			path = 1005_ExercicioIBOutletAvancadoTests;
			sourceTree = "<group>";
		};
		0B7F35ED252B564700DAA164 /* 1005_ExercicioIBOutletAvancadoUITests */ = {
			isa = PBXGroup;
			children = (
				0B7F35EE252B564700DAA164 /* _005_ExercicioIBOutletAvancadoUITests.swift */,
				0B7F35F0252B564700DAA164 /* Info.plist */,
			);
			path = 1005_ExercicioIBOutletAvancadoUITests;
			sourceTree = "<group>";
		};
/* End PBXGroup section */

/* Begin PBXNativeTarget section */
		0B7F35C8252B564600DAA164 /* 1005_ExercicioIBOutletAvancado */ = {
			isa = PBXNativeTarget;
			buildConfigurationList = 0B7F35F3252B564700DAA164 /* Build configuration list for PBXNativeTarget "1005_ExercicioIBOutletAvancado" */;
			buildPhases = (
				0B7F35C5252B564600DAA164 /* Sources */,
				0B7F35C6252B564600DAA164 /* Frameworks */,
				0B7F35C7252B564600DAA164 /* Resources */,
			);
			buildRules = (
			);
			dependencies = (
			);
			name = 1005_ExercicioIBOutletAvancado;
			productName = 1005_ExercicioIBOutletAvancado;
			productReference = 0B7F35C9252B564600DAA164 /* 1005_ExercicioIBOutletAvancado.app */;
			productType = "com.apple.product-type.application";
		};
		0B7F35DE252B564700DAA164 /* 1005_ExercicioIBOutletAvancadoTests */ = {
			isa = PBXNativeTarget;
			buildConfigurationList = 0B7F35F6252B564700DAA164 /* Build configuration list for PBXNativeTarget "1005_ExercicioIBOutletAvancadoTests" */;
			buildPhases = (
				0B7F35DB252B564700DAA164 /* Sources */,
				0B7F35DC252B564700DAA164 /* Frameworks */,
				0B7F35DD252B564700DAA164 /* Resources */,
			);
			buildRules = (
			);
			dependencies = (
				0B7F35E1252B564700DAA164 /* PBXTargetDependency */,
			);
			name = 1005_ExercicioIBOutletAvancadoTests;
			productName = 1005_ExercicioIBOutletAvancadoTests;
			productReference = 0B7F35DF252B564700DAA164 /* 1005_ExercicioIBOutletAvancadoTests.xctest */;
			productType = "com.apple.product-type.bundle.unit-test";
		};
		0B7F35E9252B564700DAA164 /* 1005_ExercicioIBOutletAvancadoUITests */ = {
			isa = PBXNativeTarget;
			buildConfigurationList = 0B7F35F9252B564700DAA164 /* Build configuration list for PBXNativeTarget "1005_ExercicioIBOutletAvancadoUITests" */;
			buildPhases = (
				0B7F35E6252B564700DAA164 /* Sources */,
				0B7F35E7252B564700DAA164 /* Frameworks */,
				0B7F35E8252B564700DAA164 /* Resources */,
			);
			buildRules = (
			);
			dependencies = (
				0B7F35EC252B564700DAA164 /* PBXTargetDependency */,
			);
			name = 1005_ExercicioIBOutletAvancadoUITests;
			productName = 1005_ExercicioIBOutletAvancadoUITests;
			productReference = 0B7F35EA252B564700DAA164 /* 1005_ExercicioIBOutletAvancadoUITests.xctest */;
			productType = "com.apple.product-type.bundle.ui-testing";
		};
/* End PBXNativeTarget section */

/* Begin PBXProject section */
		0B7F35C1252B564600DAA164 /* Project object */ = {
			isa = PBXProject;
			attributes = {
				LastSwiftUpdateCheck = 1200;
				LastUpgradeCheck = 1200;
				TargetAttributes = {
					0B7F35C8252B564600DAA164 = {
						CreatedOnToolsVersion = 12.0.1;
					};
					0B7F35DE252B564700DAA164 = {
						CreatedOnToolsVersion = 12.0.1;
						TestTargetID = 0B7F35C8252B564600DAA164;
					};
					0B7F35E9252B564700DAA164 = {
						CreatedOnToolsVersion = 12.0.1;
						TestTargetID = 0B7F35C8252B564600DAA164;
					};
				};
			};
			buildConfigurationList = 0B7F35C4252B564600DAA164 /* Build configuration list for PBXProject "1005_ExercicioIBOutletAvancado" */;
			compatibilityVersion = "Xcode 9.3";
			developmentRegion = en;
			hasScannedForEncodings = 0;
			knownRegions = (
				en,
				Base,
			);
			mainGroup = 0B7F35C0252B564600DAA164;
			productRefGroup = 0B7F35CA252B564600DAA164 /* Products */;
			projectDirPath = "";
			projectRoot = "";
			targets = (
				0B7F35C8252B564600DAA164 /* 1005_ExercicioIBOutletAvancado */,
				0B7F35DE252B564700DAA164 /* 1005_ExercicioIBOutletAvancadoTests */,
				0B7F35E9252B564700DAA164 /* 1005_ExercicioIBOutletAvancadoUITests */,
			);
		};
/* End PBXProject section */

/* Begin PBXResourcesBuildPhase section */
		0B7F35C7252B564600DAA164 /* Resources */ = {
			isa = PBXResourcesBuildPhase;
			buildActionMask = 2147483647;
			files = (
				0B7F35D9252B564700DAA164 /* LaunchScreen.storyboard in Resources */,
				0B7F3600252B59A600DAA164 /* jorge.jpeg in Resources */,
				0B7F35D6252B564700DAA164 /* Assets.xcassets in Resources */,
				0B7F35D4252B564600DAA164 /* Main.storyboard in Resources */,
			);
			runOnlyForDeploymentPostprocessing = 0;
		};
		0B7F35DD252B564700DAA164 /* Resources */ = {
			isa = PBXResourcesBuildPhase;
			buildActionMask = 2147483647;
			files = (
			);
			runOnlyForDeploymentPostprocessing = 0;
		};
		0B7F35E8252B564700DAA164 /* Resources */ = {
			isa = PBXResourcesBuildPhase;
			buildActionMask = 2147483647;
			files = (
			);
			runOnlyForDeploymentPostprocessing = 0;
		};
/* End PBXResourcesBuildPhase section */

/* Begin PBXSourcesBuildPhase section */
		0B7F35C5252B564600DAA164 /* Sources */ = {
			isa = PBXSourcesBuildPhase;
			buildActionMask = 2147483647;
			files = (
				0B7F35D1252B564600DAA164 /* ViewController.swift in Sources */,
				0B7F35CD252B564600DAA164 /* AppDelegate.swift in Sources */,
				0B7F35CF252B564600DAA164 /* SceneDelegate.swift in Sources */,
			);
			runOnlyForDeploymentPostprocessing = 0;
		};
		0B7F35DB252B564700DAA164 /* Sources */ = {
			isa = PBXSourcesBuildPhase;
			buildActionMask = 2147483647;
			files = (
				0B7F35E4252B564700DAA164 /* _005_ExercicioIBOutletAvancadoTests.swift in Sources */,
			);
			runOnlyForDeploymentPostprocessing = 0;
		};
		0B7F35E6252B564700DAA164 /* Sources */ = {
			isa = PBXSourcesBuildPhase;
			buildActionMask = 2147483647;
			files = (
				0B7F35EF252B564700DAA164 /* _005_ExercicioIBOutletAvancadoUITests.swift in Sources */,
			);
			runOnlyForDeploymentPostprocessing = 0;
		};
/* End PBXSourcesBuildPhase section */

/* Begin PBXTargetDependency section */
		0B7F35E1252B564700DAA164 /* PBXTargetDependency */ = {
			isa = PBXTargetDependency;
			target = 0B7F35C8252B564600DAA164 /* 1005_ExercicioIBOutletAvancado */;
			targetProxy = 0B7F35E0252B564700DAA164 /* PBXContainerItemProxy */;
		};
		0B7F35EC252B564700DAA164 /* PBXTargetDependency */ = {
			isa = PBXTargetDependency;
			target = 0B7F35C8252B564600DAA164 /* 1005_ExercicioIBOutletAvancado */;
			targetProxy = 0B7F35EB252B564700DAA164 /* PBXContainerItemProxy */;
		};
/* End PBXTargetDependency section */

/* Begin PBXVariantGroup section */
		0B7F35D2252B564600DAA164 /* Main.storyboard */ = {
			isa = PBXVariantGroup;
			children = (
				0B7F35D3252B564600DAA164 /* Base */,
			);
			name = Main.storyboard;
			sourceTree = "<group>";
		};
		0B7F35D7252B564700DAA164 /* LaunchScreen.storyboard */ = {
			isa = PBXVariantGroup;
			children = (
				0B7F35D8252B564700DAA164 /* Base */,
			);
			name = LaunchScreen.storyboard;
			sourceTree = "<group>";
		};
/* End PBXVariantGroup section */

/* Begin XCBuildConfiguration section */
		0B7F35F1252B564700DAA164 /* Debug */ = {
			isa = XCBuildConfiguration;
			buildSettings = {
				ALWAYS_SEARCH_USER_PATHS = NO;
				CLANG_ANALYZER_NONNULL = YES;
				CLANG_ANALYZER_NUMBER_OBJECT_CONVERSION = YES_AGGRESSIVE;
				CLANG_CXX_LANGUAGE_STANDARD = "gnu++14";
				CLANG_CXX_LIBRARY = "libc++";
				CLANG_ENABLE_MODULES = YES;
				CLANG_ENABLE_OBJC_ARC = YES;
				CLANG_ENABLE_OBJC_WEAK = YES;
				CLANG_WARN_BLOCK_CAPTURE_AUTORELEASING = YES;
				CLANG_WARN_BOOL_CONVERSION = YES;
				CLANG_WARN_COMMA = YES;
				CLANG_WARN_CONSTANT_CONVERSION = YES;
				CLANG_WARN_DEPRECATED_OBJC_IMPLEMENTATIONS = YES;
				CLANG_WARN_DIRECT_OBJC_ISA_USAGE = YES_ERROR;
				CLANG_WARN_DOCUMENTATION_COMMENTS = YES;
				CLANG_WARN_EMPTY_BODY = YES;
				CLANG_WARN_ENUM_CONVERSION = YES;
				CLANG_WARN_INFINITE_RECURSION = YES;
				CLANG_WARN_INT_CONVERSION = YES;
				CLANG_WARN_NON_LITERAL_NULL_CONVERSION = YES;
				CLANG_WARN_OBJC_IMPLICIT_RETAIN_SELF = YES;
				CLANG_WARN_OBJC_LITERAL_CONVERSION = YES;
				CLANG_WARN_OBJC_ROOT_CLASS = YES_ERROR;
				CLANG_WARN_QUOTED_INCLUDE_IN_FRAMEWORK_HEADER = YES;
				CLANG_WARN_RANGE_LOOP_ANALYSIS = YES;
				CLANG_WARN_STRICT_PROTOTYPES = YES;
				CLANG_WARN_SUSPICIOUS_MOVE = YES;
				CLANG_WARN_UNGUARDED_AVAILABILITY = YES_AGGRESSIVE;
				CLANG_WARN_UNREACHABLE_CODE = YES;
				CLANG_WARN__DUPLICATE_METHOD_MATCH = YES;
				COPY_PHASE_STRIP = NO;
				DEBUG_INFORMATION_FORMAT = dwarf;
				ENABLE_STRICT_OBJC_MSGSEND = YES;
				ENABLE_TESTABILITY = YES;
				GCC_C_LANGUAGE_STANDARD = gnu11;
				GCC_DYNAMIC_NO_PIC = NO;
				GCC_NO_COMMON_BLOCKS = YES;
				GCC_OPTIMIZATION_LEVEL = 0;
				GCC_PREPROCESSOR_DEFINITIONS = (
					"DEBUG=1",
					"$(inherited)",
				);
				GCC_WARN_64_TO_32_BIT_CONVERSION = YES;
				GCC_WARN_ABOUT_RETURN_TYPE = YES_ERROR;
				GCC_WARN_UNDECLARED_SELECTOR = YES;
				GCC_WARN_UNINITIALIZED_AUTOS = YES_AGGRESSIVE;
				GCC_WARN_UNUSED_FUNCTION = YES;
				GCC_WARN_UNUSED_VARIABLE = YES;
				IPHONEOS_DEPLOYMENT_TARGET = 14.0;
				MTL_ENABLE_DEBUG_INFO = INCLUDE_SOURCE;
				MTL_FAST_MATH = YES;
				ONLY_ACTIVE_ARCH = YES;
				SDKROOT = iphoneos;
				SWIFT_ACTIVE_COMPILATION_CONDITIONS = DEBUG;
				SWIFT_OPTIMIZATION_LEVEL = "-Onone";
			};
			name = Debug;
		};
		0B7F35F2252B564700DAA164 /* Release */ = {
			isa = XCBuildConfiguration;
			buildSettings = {
				ALWAYS_SEARCH_USER_PATHS = NO;
				CLANG_ANALYZER_NONNULL = YES;
				CLANG_ANALYZER_NUMBER_OBJECT_CONVERSION = YES_AGGRESSIVE;
				CLANG_CXX_LANGUAGE_STANDARD = "gnu++14";
				CLANG_CXX_LIBRARY = "libc++";
				CLANG_ENABLE_MODULES = YES;
				CLANG_ENABLE_OBJC_ARC = YES;
				CLANG_ENABLE_OBJC_WEAK = YES;
				CLANG_WARN_BLOCK_CAPTURE_AUTORELEASING = YES;
				CLANG_WARN_BOOL_CONVERSION = YES;
				CLANG_WARN_COMMA = YES;
				CLANG_WARN_CONSTANT_CONVERSION = YES;
				CLANG_WARN_DEPRECATED_OBJC_IMPLEMENTATIONS = YES;
				CLANG_WARN_DIRECT_OBJC_ISA_USAGE = YES_ERROR;
				CLANG_WARN_DOCUMENTATION_COMMENTS = YES;
				CLANG_WARN_EMPTY_BODY = YES;
				CLANG_WARN_ENUM_CONVERSION = YES;
				CLANG_WARN_INFINITE_RECURSION = YES;
				CLANG_WARN_INT_CONVERSION = YES;
				CLANG_WARN_NON_LITERAL_NULL_CONVERSION = YES;
				CLANG_WARN_OBJC_IMPLICIT_RETAIN_SELF = YES;
				CLANG_WARN_OBJC_LITERAL_CONVERSION = YES;
				CLANG_WARN_OBJC_ROOT_CLASS = YES_ERROR;
				CLANG_WARN_QUOTED_INCLUDE_IN_FRAMEWORK_HEADER = YES;
				CLANG_WARN_RANGE_LOOP_ANALYSIS = YES;
				CLANG_WARN_STRICT_PROTOTYPES = YES;
				CLANG_WARN_SUSPICIOUS_MOVE = YES;
				CLANG_WARN_UNGUARDED_AVAILABILITY = YES_AGGRESSIVE;
				CLANG_WARN_UNREACHABLE_CODE = YES;
				CLANG_WARN__DUPLICATE_METHOD_MATCH = YES;
				COPY_PHASE_STRIP = NO;
				DEBUG_INFORMATION_FORMAT = "dwarf-with-dsym";
				ENABLE_NS_ASSERTIONS = NO;
				ENABLE_STRICT_OBJC_MSGSEND = YES;
				GCC_C_LANGUAGE_STANDARD = gnu11;
				GCC_NO_COMMON_BLOCKS = YES;
				GCC_WARN_64_TO_32_BIT_CONVERSION = YES;
				GCC_WARN_ABOUT_RETURN_TYPE = YES_ERROR;
				GCC_WARN_UNDECLARED_SELECTOR = YES;
				GCC_WARN_UNINITIALIZED_AUTOS = YES_AGGRESSIVE;
				GCC_WARN_UNUSED_FUNCTION = YES;
				GCC_WARN_UNUSED_VARIABLE = YES;
				IPHONEOS_DEPLOYMENT_TARGET = 14.0;
				MTL_ENABLE_DEBUG_INFO = NO;
				MTL_FAST_MATH = YES;
				SDKROOT = iphoneos;
				SWIFT_COMPILATION_MODE = wholemodule;
				SWIFT_OPTIMIZATION_LEVEL = "-O";
				VALIDATE_PRODUCT = YES;
			};
			name = Release;
		};
		0B7F35F4252B564700DAA164 /* Debug */ = {
			isa = XCBuildConfiguration;
			buildSettings = {
				ASSETCATALOG_COMPILER_APPICON_NAME = AppIcon;
				ASSETCATALOG_COMPILER_GLOBAL_ACCENT_COLOR_NAME = AccentColor;
				CODE_SIGN_STYLE = Automatic;
				INFOPLIST_FILE = 1005_ExercicioIBOutletAvancado/Info.plist;
				LD_RUNPATH_SEARCH_PATHS = (
					"$(inherited)",
					"@executable_path/Frameworks",
				);
				PRODUCT_BUNDLE_IDENTIFIER = "com.github.joorgeroberto.-005-ExercicioIBOutletAvancado";
				PRODUCT_NAME = "$(TARGET_NAME)";
				SWIFT_VERSION = 5.0;
				TARGETED_DEVICE_FAMILY = "1,2";
			};
			name = Debug;
		};
		0B7F35F5252B564700DAA164 /* Release */ = {
			isa = XCBuildConfiguration;
			buildSettings = {
				ASSETCATALOG_COMPILER_APPICON_NAME = AppIcon;
				ASSETCATALOG_COMPILER_GLOBAL_ACCENT_COLOR_NAME = AccentColor;
				CODE_SIGN_STYLE = Automatic;
				INFOPLIST_FILE = 1005_ExercicioIBOutletAvancado/Info.plist;
				LD_RUNPATH_SEARCH_PATHS = (
					"$(inherited)",
					"@executable_path/Frameworks",
				);
				PRODUCT_BUNDLE_IDENTIFIER = "com.github.joorgeroberto.-005-ExercicioIBOutletAvancado";
				PRODUCT_NAME = "$(TARGET_NAME)";
				SWIFT_VERSION = 5.0;
				TARGETED_DEVICE_FAMILY = "1,2";
			};
			name = Release;
		};
		0B7F35F7252B564700DAA164 /* Debug */ = {
			isa = XCBuildConfiguration;
			buildSettings = {
				ALWAYS_EMBED_SWIFT_STANDARD_LIBRARIES = YES;
				BUNDLE_LOADER = "$(TEST_HOST)";
				CODE_SIGN_STYLE = Automatic;
				INFOPLIST_FILE = 1005_ExercicioIBOutletAvancadoTests/Info.plist;
				IPHONEOS_DEPLOYMENT_TARGET = 14.0;
				LD_RUNPATH_SEARCH_PATHS = (
					"$(inherited)",
					"@executable_path/Frameworks",
					"@loader_path/Frameworks",
				);
				PRODUCT_BUNDLE_IDENTIFIER = "com.github.joorgeroberto.-005-ExercicioIBOutletAvancadoTests";
				PRODUCT_NAME = "$(TARGET_NAME)";
				SWIFT_VERSION = 5.0;
				TARGETED_DEVICE_FAMILY = "1,2";
				TEST_HOST = "$(BUILT_PRODUCTS_DIR)/1005_ExercicioIBOutletAvancado.app/1005_ExercicioIBOutletAvancado";
			};
			name = Debug;
		};
		0B7F35F8252B564700DAA164 /* Release */ = {
			isa = XCBuildConfiguration;
			buildSettings = {
				ALWAYS_EMBED_SWIFT_STANDARD_LIBRARIES = YES;
				BUNDLE_LOADER = "$(TEST_HOST)";
				CODE_SIGN_STYLE = Automatic;
				INFOPLIST_FILE = 1005_ExercicioIBOutletAvancadoTests/Info.plist;
				IPHONEOS_DEPLOYMENT_TARGET = 14.0;
				LD_RUNPATH_SEARCH_PATHS = (
					"$(inherited)",
					"@executable_path/Frameworks",
					"@loader_path/Frameworks",
				);
				PRODUCT_BUNDLE_IDENTIFIER = "com.github.joorgeroberto.-005-ExercicioIBOutletAvancadoTests";
				PRODUCT_NAME = "$(TARGET_NAME)";
				SWIFT_VERSION = 5.0;
				TARGETED_DEVICE_FAMILY = "1,2";
				TEST_HOST = "$(BUILT_PRODUCTS_DIR)/1005_ExercicioIBOutletAvancado.app/1005_ExercicioIBOutletAvancado";
			};
			name = Release;
		};
		0B7F35FA252B564700DAA164 /* Debug */ = {
			isa = XCBuildConfiguration;
			buildSettings = {
				ALWAYS_EMBED_SWIFT_STANDARD_LIBRARIES = YES;
				CODE_SIGN_STYLE = Automatic;
				INFOPLIST_FILE = 1005_ExercicioIBOutletAvancadoUITests/Info.plist;
				LD_RUNPATH_SEARCH_PATHS = (
					"$(inherited)",
					"@executable_path/Frameworks",
					"@loader_path/Frameworks",
				);
				PRODUCT_BUNDLE_IDENTIFIER = "com.github.joorgeroberto.-005-ExercicioIBOutletAvancadoUITests";
				PRODUCT_NAME = "$(TARGET_NAME)";
				SWIFT_VERSION = 5.0;
				TARGETED_DEVICE_FAMILY = "1,2";
				TEST_TARGET_NAME = 1005_ExercicioIBOutletAvancado;
			};
			name = Debug;
		};
		0B7F35FB252B564700DAA164 /* Release */ = {
			isa = XCBuildConfiguration;
			buildSettings = {
				ALWAYS_EMBED_SWIFT_STANDARD_LIBRARIES = YES;
				CODE_SIGN_STYLE = Automatic;
				INFOPLIST_FILE = 1005_ExercicioIBOutletAvancadoUITests/Info.plist;
				LD_RUNPATH_SEARCH_PATHS = (
					"$(inherited)",
					"@executable_path/Frameworks",
					"@loader_path/Frameworks",
				);
				PRODUCT_BUNDLE_IDENTIFIER = "com.github.joorgeroberto.-005-ExercicioIBOutletAvancadoUITests";
				PRODUCT_NAME = "$(TARGET_NAME)";
				SWIFT_VERSION = 5.0;
				TARGETED_DEVICE_FAMILY = "1,2";
				TEST_TARGET_NAME = 1005_ExercicioIBOutletAvancado;
			};
			name = Release;
		};
/* End XCBuildConfiguration section */

/* Begin XCConfigurationList section */
		0B7F35C4252B564600DAA164 /* Build configuration list for PBXProject "1005_ExercicioIBOutletAvancado" */ = {
			isa = XCConfigurationList;
			buildConfigurations = (
				0B7F35F1252B564700DAA164 /* Debug */,
				0B7F35F2252B564700DAA164 /* Release */,
			);
			defaultConfigurationIsVisible = 0;
			defaultConfigurationName = Release;
		};
		0B7F35F3252B564700DAA164 /* Build configuration list for PBXNativeTarget "1005_ExercicioIBOutletAvancado" */ = {
			isa = XCConfigurationList;
			buildConfigurations = (
				0B7F35F4252B564700DAA164 /* Debug */,
				0B7F35F5252B564700DAA164 /* Release */,
			);
			defaultConfigurationIsVisible = 0;
			defaultConfigurationName = Release;
		};
		0B7F35F6252B564700DAA164 /* Build configuration list for PBXNativeTarget "1005_ExercicioIBOutletAvancadoTests" */ = {
			isa = XCConfigurationList;
			buildConfigurations = (
				0B7F35F7252B564700DAA164 /* Debug */,
				0B7F35F8252B564700DAA164 /* Release */,
			);
			defaultConfigurationIsVisible = 0;
			defaultConfigurationName = Release;
		};
		0B7F35F9252B564700DAA164 /* Build configuration list for PBXNativeTarget "1005_ExercicioIBOutletAvancadoUITests" */ = {
			isa = XCConfigurationList;
			buildConfigurations = (
				0B7F35FA252B564700DAA164 /* Debug */,
				0B7F35FB252B564700DAA164 /* Release */,
			);
			defaultConfigurationIsVisible = 0;
			defaultConfigurationName = Release;
		};
/* End XCConfigurationList section */
	};
	rootObject = 0B7F35C1252B564600DAA164 /* Project object */;
}
